// !$*UTF8*$!
{
	archiveVersion = 1;
	classes = {
	};
	objectVersion = 55;
	objects = {

/* Begin PBXBuildFile section */
		0EE0DEE128837D92009141E9 /* GreenWatchApp.swift in Sources */ = {isa = PBXBuildFile; fileRef = 0EE0DEE028837D92009141E9 /* GreenWatchApp.swift */; };
		0EE0DEE328837D92009141E9 /* ContentView.swift in Sources */ = {isa = PBXBuildFile; fileRef = 0EE0DEE228837D92009141E9 /* ContentView.swift */; };
		0EE0DEE528837D94009141E9 /* Assets.xcassets in Resources */ = {isa = PBXBuildFile; fileRef = 0EE0DEE428837D94009141E9 /* Assets.xcassets */; };
		0EE0DEE828837D94009141E9 /* Preview Assets.xcassets in Resources */ = {isa = PBXBuildFile; fileRef = 0EE0DEE728837D94009141E9 /* Preview Assets.xcassets */; };
		0EE0DEF228837D94009141E9 /* GreenWatchTests.swift in Sources */ = {isa = PBXBuildFile; fileRef = 0EE0DEF128837D94009141E9 /* GreenWatchTests.swift */; };
		0EE0DEFC28837D94009141E9 /* GreenWatchUITests.swift in Sources */ = {isa = PBXBuildFile; fileRef = 0EE0DEFB28837D94009141E9 /* GreenWatchUITests.swift */; };
		0EE0DEFE28837D94009141E9 /* GreenWatchUITestsLaunchTests.swift in Sources */ = {isa = PBXBuildFile; fileRef = 0EE0DEFD28837D94009141E9 /* GreenWatchUITestsLaunchTests.swift */; };
		0EE0DF0B28838B92009141E9 /* Response.swift in Sources */ = {isa = PBXBuildFile; fileRef = 0EE0DF0A28838B91009141E9 /* Response.swift */; };
		0EE0DF0D2883A2AC009141E9 /* NewsAPI.swift in Sources */ = {isa = PBXBuildFile; fileRef = 0EE0DF0C2883A2AC009141E9 /* NewsAPI.swift */; };
		0EE0DF10288797AD009141E9 /* LandingViewModel.swift in Sources */ = {isa = PBXBuildFile; fileRef = 0EE0DF0F288797AD009141E9 /* LandingViewModel.swift */; };
		0EE0DF122887980B009141E9 /* LandingView.swift in Sources */ = {isa = PBXBuildFile; fileRef = 0EE0DF112887980B009141E9 /* LandingView.swift */; };
		0EE0DF182887987F009141E9 /* GovernmentViewModel.swift in Sources */ = {isa = PBXBuildFile; fileRef = 0EE0DF172887987F009141E9 /* GovernmentViewModel.swift */; };
		0EE0DF1A2887989D009141E9 /* CarbonViewModel.swift in Sources */ = {isa = PBXBuildFile; fileRef = 0EE0DF192887989D009141E9 /* CarbonViewModel.swift */; };
		0EE0DF1C288798D9009141E9 /* GovernmentView.swift in Sources */ = {isa = PBXBuildFile; fileRef = 0EE0DF1B288798D9009141E9 /* GovernmentView.swift */; };
		0EE0DF1E2887990F009141E9 /* CarbonView.swift in Sources */ = {isa = PBXBuildFile; fileRef = 0EE0DF1D2887990F009141E9 /* CarbonView.swift */; };
/* End PBXBuildFile section */

/* Begin PBXContainerItemProxy section */
		0EE0DEEE28837D94009141E9 /* PBXContainerItemProxy */ = {
			isa = PBXContainerItemProxy;
			containerPortal = 0EE0DED528837D92009141E9 /* Project object */;
			proxyType = 1;
			remoteGlobalIDString = 0EE0DEDC28837D92009141E9;
			remoteInfo = GreenWatch;
		};
		0EE0DEF828837D94009141E9 /* PBXContainerItemProxy */ = {
			isa = PBXContainerItemProxy;
			containerPortal = 0EE0DED528837D92009141E9 /* Project object */;
			proxyType = 1;
			remoteGlobalIDString = 0EE0DEDC28837D92009141E9;
			remoteInfo = GreenWatch;
		};
/* End PBXContainerItemProxy section */

/* Begin PBXFileReference section */
		0EE0DEDD28837D92009141E9 /* GreenWatch.app */ = {isa = PBXFileReference; explicitFileType = wrapper.application; includeInIndex = 0; path = GreenWatch.app; sourceTree = BUILT_PRODUCTS_DIR; };
		0EE0DEE028837D92009141E9 /* GreenWatchApp.swift */ = {isa = PBXFileReference; lastKnownFileType = sourcecode.swift; path = GreenWatchApp.swift; sourceTree = "<group>"; };
		0EE0DEE228837D92009141E9 /* ContentView.swift */ = {isa = PBXFileReference; lastKnownFileType = sourcecode.swift; path = ContentView.swift; sourceTree = "<group>"; };
		0EE0DEE428837D94009141E9 /* Assets.xcassets */ = {isa = PBXFileReference; lastKnownFileType = folder.assetcatalog; path = Assets.xcassets; sourceTree = "<group>"; };
		0EE0DEE728837D94009141E9 /* Preview Assets.xcassets */ = {isa = PBXFileReference; lastKnownFileType = folder.assetcatalog; path = "Preview Assets.xcassets"; sourceTree = "<group>"; };
		0EE0DEED28837D94009141E9 /* GreenWatchTests.xctest */ = {isa = PBXFileReference; explicitFileType = wrapper.cfbundle; includeInIndex = 0; path = GreenWatchTests.xctest; sourceTree = BUILT_PRODUCTS_DIR; };
		0EE0DEF128837D94009141E9 /* GreenWatchTests.swift */ = {isa = PBXFileReference; lastKnownFileType = sourcecode.swift; path = GreenWatchTests.swift; sourceTree = "<group>"; };
		0EE0DEF728837D94009141E9 /* GreenWatchUITests.xctest */ = {isa = PBXFileReference; explicitFileType = wrapper.cfbundle; includeInIndex = 0; path = GreenWatchUITests.xctest; sourceTree = BUILT_PRODUCTS_DIR; };
		0EE0DEFB28837D94009141E9 /* GreenWatchUITests.swift */ = {isa = PBXFileReference; lastKnownFileType = sourcecode.swift; path = GreenWatchUITests.swift; sourceTree = "<group>"; };
		0EE0DEFD28837D94009141E9 /* GreenWatchUITestsLaunchTests.swift */ = {isa = PBXFileReference; lastKnownFileType = sourcecode.swift; path = GreenWatchUITestsLaunchTests.swift; sourceTree = "<group>"; };
		0EE0DF0A28838B91009141E9 /* Response.swift */ = {isa = PBXFileReference; lastKnownFileType = sourcecode.swift; path = Response.swift; sourceTree = "<group>"; };
		0EE0DF0C2883A2AC009141E9 /* NewsAPI.swift */ = {isa = PBXFileReference; lastKnownFileType = sourcecode.swift; path = NewsAPI.swift; sourceTree = "<group>"; };
		0EE0DF0F288797AD009141E9 /* LandingViewModel.swift */ = {isa = PBXFileReference; lastKnownFileType = sourcecode.swift; path = LandingViewModel.swift; sourceTree = "<group>"; };
		0EE0DF112887980B009141E9 /* LandingView.swift */ = {isa = PBXFileReference; lastKnownFileType = sourcecode.swift; path = LandingView.swift; sourceTree = "<group>"; };
		0EE0DF172887987F009141E9 /* GovernmentViewModel.swift */ = {isa = PBXFileReference; lastKnownFileType = sourcecode.swift; path = GovernmentViewModel.swift; sourceTree = "<group>"; };
		0EE0DF192887989D009141E9 /* CarbonViewModel.swift */ = {isa = PBXFileReference; lastKnownFileType = sourcecode.swift; path = CarbonViewModel.swift; sourceTree = "<group>"; };
		0EE0DF1B288798D9009141E9 /* GovernmentView.swift */ = {isa = PBXFileReference; lastKnownFileType = sourcecode.swift; path = GovernmentView.swift; sourceTree = "<group>"; };
		0EE0DF1D2887990F009141E9 /* CarbonView.swift */ = {isa = PBXFileReference; lastKnownFileType = sourcecode.swift; path = CarbonView.swift; sourceTree = "<group>"; };
/* End PBXFileReference section */

/* Begin PBXFrameworksBuildPhase section */
		0EE0DEDA28837D92009141E9 /* Frameworks */ = {
			isa = PBXFrameworksBuildPhase;
			buildActionMask = 2147483647;
			files = (
			);
			runOnlyForDeploymentPostprocessing = 0;
		};
		0EE0DEEA28837D94009141E9 /* Frameworks */ = {
			isa = PBXFrameworksBuildPhase;
			buildActionMask = 2147483647;
			files = (
			);
			runOnlyForDeploymentPostprocessing = 0;
		};
		0EE0DEF428837D94009141E9 /* Frameworks */ = {
			isa = PBXFrameworksBuildPhase;
			buildActionMask = 2147483647;
			files = (
			);
			runOnlyForDeploymentPostprocessing = 0;
		};
/* End PBXFrameworksBuildPhase section */

/* Begin PBXGroup section */
		0EE0DED428837D92009141E9 = {
			isa = PBXGroup;
			children = (
				0EE0DEDF28837D92009141E9 /* GreenWatch */,
				0EE0DEF028837D94009141E9 /* GreenWatchTests */,
				0EE0DEFA28837D94009141E9 /* GreenWatchUITests */,
				0EE0DEDE28837D92009141E9 /* Products */,
			);
			sourceTree = "<group>";
		};
		0EE0DEDE28837D92009141E9 /* Products */ = {
			isa = PBXGroup;
			children = (
				0EE0DEDD28837D92009141E9 /* GreenWatch.app */,
				0EE0DEED28837D94009141E9 /* GreenWatchTests.xctest */,
				0EE0DEF728837D94009141E9 /* GreenWatchUITests.xctest */,
			);
			name = Products;
			sourceTree = "<group>";
		};
		0EE0DEDF28837D92009141E9 /* GreenWatch */ = {
			isa = PBXGroup;
			children = (
				0EE0DF1628879858009141E9 /* Carbon */,
				0EE0DF1428879846009141E9 /* Government */,
				0EE0DEE028837D92009141E9 /* GreenWatchApp.swift */,
				0EE0DF0E28879796009141E9 /* Landing */,
				0EE0DF0A28838B91009141E9 /* Response.swift */,
				0EE0DEE228837D92009141E9 /* ContentView.swift */,
				0EE0DEE428837D94009141E9 /* Assets.xcassets */,
				0EE0DEE628837D94009141E9 /* Preview Content */,
				0EE0DF0C2883A2AC009141E9 /* NewsAPI.swift */,
			);
			path = GreenWatch;
			sourceTree = "<group>";
		};
		0EE0DEE628837D94009141E9 /* Preview Content */ = {
			isa = PBXGroup;
			children = (
				0EE0DEE728837D94009141E9 /* Preview Assets.xcassets */,
			);
			path = "Preview Content";
			sourceTree = "<group>";
		};
		0EE0DEF028837D94009141E9 /* GreenWatchTests */ = {
			isa = PBXGroup;
			children = (
				0EE0DEF128837D94009141E9 /* GreenWatchTests.swift */,
			);
			path = GreenWatchTests;
			sourceTree = "<group>";
		};
		0EE0DEFA28837D94009141E9 /* GreenWatchUITests */ = {
			isa = PBXGroup;
			children = (
				0EE0DEFB28837D94009141E9 /* GreenWatchUITests.swift */,
				0EE0DEFD28837D94009141E9 /* GreenWatchUITestsLaunchTests.swift */,
			);
			path = GreenWatchUITests;
			sourceTree = "<group>";
		};
		0EE0DF0E28879796009141E9 /* Landing */ = {
			isa = PBXGroup;
			children = (
				0EE0DF0F288797AD009141E9 /* LandingViewModel.swift */,
				0EE0DF112887980B009141E9 /* LandingView.swift */,
			);
			path = Landing;
			sourceTree = "<group>";
		};
		0EE0DF1428879846009141E9 /* Government */ = {
			isa = PBXGroup;
			children = (
				0EE0DF172887987F009141E9 /* GovernmentViewModel.swift */,
				0EE0DF1B288798D9009141E9 /* GovernmentView.swift */,
			);
			path = Government;
			sourceTree = "<group>";
		};
		0EE0DF1628879858009141E9 /* Carbon */ = {
			isa = PBXGroup;
			children = (
				0EE0DF192887989D009141E9 /* CarbonViewModel.swift */,
				0EE0DF1D2887990F009141E9 /* CarbonView.swift */,
			);
			path = Carbon;
			sourceTree = "<group>";
		};
/* End PBXGroup section */

/* Begin PBXNativeTarget section */
		0EE0DEDC28837D92009141E9 /* GreenWatch */ = {
			isa = PBXNativeTarget;
			buildConfigurationList = 0EE0DF0128837D94009141E9 /* Build configuration list for PBXNativeTarget "GreenWatch" */;
			buildPhases = (
				0EE0DED928837D92009141E9 /* Sources */,
				0EE0DEDA28837D92009141E9 /* Frameworks */,
				0EE0DEDB28837D92009141E9 /* Resources */,
			);
			buildRules = (
			);
			dependencies = (
			);
			name = GreenWatch;
			productName = GreenWatch;
			productReference = 0EE0DEDD28837D92009141E9 /* GreenWatch.app */;
			productType = "com.apple.product-type.application";
		};
		0EE0DEEC28837D94009141E9 /* GreenWatchTests */ = {
			isa = PBXNativeTarget;
			buildConfigurationList = 0EE0DF0428837D94009141E9 /* Build configuration list for PBXNativeTarget "GreenWatchTests" */;
			buildPhases = (
				0EE0DEE928837D94009141E9 /* Sources */,
				0EE0DEEA28837D94009141E9 /* Frameworks */,
				0EE0DEEB28837D94009141E9 /* Resources */,
			);
			buildRules = (
			);
			dependencies = (
				0EE0DEEF28837D94009141E9 /* PBXTargetDependency */,
			);
			name = GreenWatchTests;
			productName = GreenWatchTests;
			productReference = 0EE0DEED28837D94009141E9 /* GreenWatchTests.xctest */;
			productType = "com.apple.product-type.bundle.unit-test";
		};
		0EE0DEF628837D94009141E9 /* GreenWatchUITests */ = {
			isa = PBXNativeTarget;
			buildConfigurationList = 0EE0DF0728837D94009141E9 /* Build configuration list for PBXNativeTarget "GreenWatchUITests" */;
			buildPhases = (
				0EE0DEF328837D94009141E9 /* Sources */,
				0EE0DEF428837D94009141E9 /* Frameworks */,
				0EE0DEF528837D94009141E9 /* Resources */,
			);
			buildRules = (
			);
			dependencies = (
				0EE0DEF928837D94009141E9 /* PBXTargetDependency */,
			);
			name = GreenWatchUITests;
			productName = GreenWatchUITests;
			productReference = 0EE0DEF728837D94009141E9 /* GreenWatchUITests.xctest */;
			productType = "com.apple.product-type.bundle.ui-testing";
		};
/* End PBXNativeTarget section */

/* Begin PBXProject section */
		0EE0DED528837D92009141E9 /* Project object */ = {
			isa = PBXProject;
			attributes = {
				BuildIndependentTargetsInParallel = 1;
				LastSwiftUpdateCheck = 1340;
				LastUpgradeCheck = 1340;
				TargetAttributes = {
					0EE0DEDC28837D92009141E9 = {
						CreatedOnToolsVersion = 13.4.1;
					};
					0EE0DEEC28837D94009141E9 = {
						CreatedOnToolsVersion = 13.4.1;
						TestTargetID = 0EE0DEDC28837D92009141E9;
					};
					0EE0DEF628837D94009141E9 = {
						CreatedOnToolsVersion = 13.4.1;
						TestTargetID = 0EE0DEDC28837D92009141E9;
					};
				};
			};
			buildConfigurationList = 0EE0DED828837D92009141E9 /* Build configuration list for PBXProject "GreenWatch" */;
			compatibilityVersion = "Xcode 13.0";
			developmentRegion = en;
			hasScannedForEncodings = 0;
			knownRegions = (
				en,
				Base,
			);
			mainGroup = 0EE0DED428837D92009141E9;
			productRefGroup = 0EE0DEDE28837D92009141E9 /* Products */;
			projectDirPath = "";
			projectRoot = "";
			targets = (
				0EE0DEDC28837D92009141E9 /* GreenWatch */,
				0EE0DEEC28837D94009141E9 /* GreenWatchTests */,
				0EE0DEF628837D94009141E9 /* GreenWatchUITests */,
			);
		};
/* End PBXProject section */

/* Begin PBXResourcesBuildPhase section */
		0EE0DEDB28837D92009141E9 /* Resources */ = {
			isa = PBXResourcesBuildPhase;
			buildActionMask = 2147483647;
			files = (
				0EE0DEE828837D94009141E9 /* Preview Assets.xcassets in Resources */,
				0EE0DEE528837D94009141E9 /* Assets.xcassets in Resources */,
			);
			runOnlyForDeploymentPostprocessing = 0;
		};
		0EE0DEEB28837D94009141E9 /* Resources */ = {
			isa = PBXResourcesBuildPhase;
			buildActionMask = 2147483647;
			files = (
			);
			runOnlyForDeploymentPostprocessing = 0;
		};
		0EE0DEF528837D94009141E9 /* Resources */ = {
			isa = PBXResourcesBuildPhase;
			buildActionMask = 2147483647;
			files = (
			);
			runOnlyForDeploymentPostprocessing = 0;
		};
/* End PBXResourcesBuildPhase section */

/* Begin PBXSourcesBuildPhase section */
		0EE0DED928837D92009141E9 /* Sources */ = {
			isa = PBXSourcesBuildPhase;
			buildActionMask = 2147483647;
			files = (
				0EE0DF1C288798D9009141E9 /* GovernmentView.swift in Sources */,
				0EE0DF182887987F009141E9 /* GovernmentViewModel.swift in Sources */,
				0EE0DF1A2887989D009141E9 /* CarbonViewModel.swift in Sources */,
				0EE0DF1E2887990F009141E9 /* CarbonView.swift in Sources */,
				0EE0DF122887980B009141E9 /* LandingView.swift in Sources */,
				0EE0DEE328837D92009141E9 /* ContentView.swift in Sources */,
				0EE0DF10288797AD009141E9 /* LandingViewModel.swift in Sources */,
				0EE0DF0D2883A2AC009141E9 /* NewsAPI.swift in Sources */,
				0EE0DF0B28838B92009141E9 /* Response.swift in Sources */,
				0EE0DEE128837D92009141E9 /* GreenWatchApp.swift in Sources */,
			);
			runOnlyForDeploymentPostprocessing = 0;
		};
		0EE0DEE928837D94009141E9 /* Sources */ = {
			isa = PBXSourcesBuildPhase;
			buildActionMask = 2147483647;
			files = (
				0EE0DEF228837D94009141E9 /* GreenWatchTests.swift in Sources */,
			);
			runOnlyForDeploymentPostprocessing = 0;
		};
		0EE0DEF328837D94009141E9 /* Sources */ = {
			isa = PBXSourcesBuildPhase;
			buildActionMask = 2147483647;
			files = (
				0EE0DEFE28837D94009141E9 /* GreenWatchUITestsLaunchTests.swift in Sources */,
				0EE0DEFC28837D94009141E9 /* GreenWatchUITests.swift in Sources */,
			);
			runOnlyForDeploymentPostprocessing = 0;
		};
/* End PBXSourcesBuildPhase section */

/* Begin PBXTargetDependency section */
		0EE0DEEF28837D94009141E9 /* PBXTargetDependency */ = {
			isa = PBXTargetDependency;
			target = 0EE0DEDC28837D92009141E9 /* GreenWatch */;
			targetProxy = 0EE0DEEE28837D94009141E9 /* PBXContainerItemProxy */;
		};
		0EE0DEF928837D94009141E9 /* PBXTargetDependency */ = {
			isa = PBXTargetDependency;
			target = 0EE0DEDC28837D92009141E9 /* GreenWatch */;
			targetProxy = 0EE0DEF828837D94009141E9 /* PBXContainerItemProxy */;
		};
/* End PBXTargetDependency section */

/* Begin XCBuildConfiguration section */
		0EE0DEFF28837D94009141E9 /* Debug */ = {
			isa = XCBuildConfiguration;
			buildSettings = {
				ALWAYS_SEARCH_USER_PATHS = NO;
				CLANG_ANALYZER_NONNULL = YES;
				CLANG_ANALYZER_NUMBER_OBJECT_CONVERSION = YES_AGGRESSIVE;
				CLANG_CXX_LANGUAGE_STANDARD = "gnu++17";
				CLANG_ENABLE_MODULES = YES;
				CLANG_ENABLE_OBJC_ARC = YES;
				CLANG_ENABLE_OBJC_WEAK = YES;
				CLANG_WARN_BLOCK_CAPTURE_AUTORELEASING = YES;
				CLANG_WARN_BOOL_CONVERSION = YES;
				CLANG_WARN_COMMA = YES;
				CLANG_WARN_CONSTANT_CONVERSION = YES;
				CLANG_WARN_DEPRECATED_OBJC_IMPLEMENTATIONS = YES;
				CLANG_WARN_DIRECT_OBJC_ISA_USAGE = YES_ERROR;
				CLANG_WARN_DOCUMENTATION_COMMENTS = YES;
				CLANG_WARN_EMPTY_BODY = YES;
				CLANG_WARN_ENUM_CONVERSION = YES;
				CLANG_WARN_INFINITE_RECURSION = YES;
				CLANG_WARN_INT_CONVERSION = YES;
				CLANG_WARN_NON_LITERAL_NULL_CONVERSION = YES;
				CLANG_WARN_OBJC_IMPLICIT_RETAIN_SELF = YES;
				CLANG_WARN_OBJC_LITERAL_CONVERSION = YES;
				CLANG_WARN_OBJC_ROOT_CLASS = YES_ERROR;
				CLANG_WARN_QUOTED_INCLUDE_IN_FRAMEWORK_HEADER = YES;
				CLANG_WARN_RANGE_LOOP_ANALYSIS = YES;
				CLANG_WARN_STRICT_PROTOTYPES = YES;
				CLANG_WARN_SUSPICIOUS_MOVE = YES;
				CLANG_WARN_UNGUARDED_AVAILABILITY = YES_AGGRESSIVE;
				CLANG_WARN_UNREACHABLE_CODE = YES;
				CLANG_WARN__DUPLICATE_METHOD_MATCH = YES;
				COPY_PHASE_STRIP = NO;
				DEBUG_INFORMATION_FORMAT = dwarf;
				ENABLE_STRICT_OBJC_MSGSEND = YES;
				ENABLE_TESTABILITY = YES;
				GCC_C_LANGUAGE_STANDARD = gnu11;
				GCC_DYNAMIC_NO_PIC = NO;
				GCC_NO_COMMON_BLOCKS = YES;
				GCC_OPTIMIZATION_LEVEL = 0;
				GCC_PREPROCESSOR_DEFINITIONS = (
					"DEBUG=1",
					"$(inherited)",
				);
				GCC_WARN_64_TO_32_BIT_CONVERSION = YES;
				GCC_WARN_ABOUT_RETURN_TYPE = YES_ERROR;
				GCC_WARN_UNDECLARED_SELECTOR = YES;
				GCC_WARN_UNINITIALIZED_AUTOS = YES_AGGRESSIVE;
				GCC_WARN_UNUSED_FUNCTION = YES;
				GCC_WARN_UNUSED_VARIABLE = YES;
				IPHONEOS_DEPLOYMENT_TARGET = 15.5;
				MTL_ENABLE_DEBUG_INFO = INCLUDE_SOURCE;
				MTL_FAST_MATH = YES;
				ONLY_ACTIVE_ARCH = YES;
				SDKROOT = iphoneos;
				SWIFT_ACTIVE_COMPILATION_CONDITIONS = DEBUG;
				SWIFT_OPTIMIZATION_LEVEL = "-Onone";
			};
			name = Debug;
		};
		0EE0DF0028837D94009141E9 /* Release */ = {
			isa = XCBuildConfiguration;
			buildSettings = {
				ALWAYS_SEARCH_USER_PATHS = NO;
				CLANG_ANALYZER_NONNULL = YES;
				CLANG_ANALYZER_NUMBER_OBJECT_CONVERSION = YES_AGGRESSIVE;
				CLANG_CXX_LANGUAGE_STANDARD = "gnu++17";
				CLANG_ENABLE_MODULES = YES;
				CLANG_ENABLE_OBJC_ARC = YES;
				CLANG_ENABLE_OBJC_WEAK = YES;
				CLANG_WARN_BLOCK_CAPTURE_AUTORELEASING = YES;
				CLANG_WARN_BOOL_CONVERSION = YES;
				CLANG_WARN_COMMA = YES;
				CLANG_WARN_CONSTANT_CONVERSION = YES;
				CLANG_WARN_DEPRECATED_OBJC_IMPLEMENTATIONS = YES;
				CLANG_WARN_DIRECT_OBJC_ISA_USAGE = YES_ERROR;
				CLANG_WARN_DOCUMENTATION_COMMENTS = YES;
				CLANG_WARN_EMPTY_BODY = YES;
				CLANG_WARN_ENUM_CONVERSION = YES;
				CLANG_WARN_INFINITE_RECURSION = YES;
				CLANG_WARN_INT_CONVERSION = YES;
				CLANG_WARN_NON_LITERAL_NULL_CONVERSION = YES;
				CLANG_WARN_OBJC_IMPLICIT_RETAIN_SELF = YES;
				CLANG_WARN_OBJC_LITERAL_CONVERSION = YES;
				CLANG_WARN_OBJC_ROOT_CLASS = YES_ERROR;
				CLANG_WARN_QUOTED_INCLUDE_IN_FRAMEWORK_HEADER = YES;
				CLANG_WARN_RANGE_LOOP_ANALYSIS = YES;
				CLANG_WARN_STRICT_PROTOTYPES = YES;
				CLANG_WARN_SUSPICIOUS_MOVE = YES;
				CLANG_WARN_UNGUARDED_AVAILABILITY = YES_AGGRESSIVE;
				CLANG_WARN_UNREACHABLE_CODE = YES;
				CLANG_WARN__DUPLICATE_METHOD_MATCH = YES;
				COPY_PHASE_STRIP = NO;
				DEBUG_INFORMATION_FORMAT = "dwarf-with-dsym";
				ENABLE_NS_ASSERTIONS = NO;
				ENABLE_STRICT_OBJC_MSGSEND = YES;
				GCC_C_LANGUAGE_STANDARD = gnu11;
				GCC_NO_COMMON_BLOCKS = YES;
				GCC_WARN_64_TO_32_BIT_CONVERSION = YES;
				GCC_WARN_ABOUT_RETURN_TYPE = YES_ERROR;
				GCC_WARN_UNDECLARED_SELECTOR = YES;
				GCC_WARN_UNINITIALIZED_AUTOS = YES_AGGRESSIVE;
				GCC_WARN_UNUSED_FUNCTION = YES;
				GCC_WARN_UNUSED_VARIABLE = YES;
				IPHONEOS_DEPLOYMENT_TARGET = 15.5;
				MTL_ENABLE_DEBUG_INFO = NO;
				MTL_FAST_MATH = YES;
				SDKROOT = iphoneos;
				SWIFT_COMPILATION_MODE = wholemodule;
				SWIFT_OPTIMIZATION_LEVEL = "-O";
				VALIDATE_PRODUCT = YES;
			};
			name = Release;
		};
		0EE0DF0228837D94009141E9 /* Debug */ = {
			isa = XCBuildConfiguration;
			buildSettings = {
				ASSETCATALOG_COMPILER_APPICON_NAME = AppIcon;
				ASSETCATALOG_COMPILER_GLOBAL_ACCENT_COLOR_NAME = AccentColor;
				CODE_SIGN_STYLE = Automatic;
				CURRENT_PROJECT_VERSION = 1;
				DEVELOPMENT_ASSET_PATHS = "\"GreenWatch/Preview Content\"";
				DEVELOPMENT_TEAM = PG6YYZTULC;
				ENABLE_PREVIEWS = YES;
				GENERATE_INFOPLIST_FILE = YES;
				INFOPLIST_KEY_UIApplicationSceneManifest_Generation = YES;
				INFOPLIST_KEY_UIApplicationSupportsIndirectInputEvents = YES;
				INFOPLIST_KEY_UILaunchScreen_Generation = YES;
				INFOPLIST_KEY_UISupportedInterfaceOrientations_iPad = "UIInterfaceOrientationPortrait UIInterfaceOrientationPortraitUpsideDown UIInterfaceOrientationLandscapeLeft UIInterfaceOrientationLandscapeRight";
				INFOPLIST_KEY_UISupportedInterfaceOrientations_iPhone = "UIInterfaceOrientationPortrait UIInterfaceOrientationLandscapeLeft UIInterfaceOrientationLandscapeRight";
				LD_RUNPATH_SEARCH_PATHS = (
					"$(inherited)",
					"@executable_path/Frameworks",
				);
				MARKETING_VERSION = 1.0;
				PRODUCT_BUNDLE_IDENTIFIER = com.gmail.khoury.g.madelyn.GreenWatch;
				PRODUCT_NAME = "$(TARGET_NAME)";
				SWIFT_EMIT_LOC_STRINGS = YES;
				SWIFT_VERSION = 5.0;
				TARGETED_DEVICE_FAMILY = "1,2";
			};
			name = Debug;
		};
		0EE0DF0328837D94009141E9 /* Release */ = {
			isa = XCBuildConfiguration;
			buildSettings = {
				ASSETCATALOG_COMPILER_APPICON_NAME = AppIcon;
				ASSETCATALOG_COMPILER_GLOBAL_ACCENT_COLOR_NAME = AccentColor;
				CODE_SIGN_STYLE = Automatic;
				CURRENT_PROJECT_VERSION = 1;
				DEVELOPMENT_ASSET_PATHS = "\"GreenWatch/Preview Content\"";
				DEVELOPMENT_TEAM = PG6YYZTULC;
				ENABLE_PREVIEWS = YES;
				GENERATE_INFOPLIST_FILE = YES;
				INFOPLIST_KEY_UIApplicationSceneManifest_Generation = YES;
				INFOPLIST_KEY_UIApplicationSupportsIndirectInputEvents = YES;
				INFOPLIST_KEY_UILaunchScreen_Generation = YES;
				INFOPLIST_KEY_UISupportedInterfaceOrientations_iPad = "UIInterfaceOrientationPortrait UIInterfaceOrientationPortraitUpsideDown UIInterfaceOrientationLandscapeLeft UIInterfaceOrientationLandscapeRight";
				INFOPLIST_KEY_UISupportedInterfaceOrientations_iPhone = "UIInterfaceOrientationPortrait UIInterfaceOrientationLandscapeLeft UIInterfaceOrientationLandscapeRight";
				LD_RUNPATH_SEARCH_PATHS = (
					"$(inherited)",
					"@executable_path/Frameworks",
				);
				MARKETING_VERSION = 1.0;
				PRODUCT_BUNDLE_IDENTIFIER = com.gmail.khoury.g.madelyn.GreenWatch;
				PRODUCT_NAME = "$(TARGET_NAME)";
				SWIFT_EMIT_LOC_STRINGS = YES;
				SWIFT_VERSION = 5.0;
				TARGETED_DEVICE_FAMILY = "1,2";
			};
			name = Release;
		};
		0EE0DF0528837D94009141E9 /* Debug */ = {
			isa = XCBuildConfiguration;
			buildSettings = {
				ALWAYS_EMBED_SWIFT_STANDARD_LIBRARIES = YES;
				BUNDLE_LOADER = "$(TEST_HOST)";
				CODE_SIGN_STYLE = Automatic;
				CURRENT_PROJECT_VERSION = 1;
				DEVELOPMENT_TEAM = PG6YYZTULC;
				GENERATE_INFOPLIST_FILE = YES;
				IPHONEOS_DEPLOYMENT_TARGET = 15.5;
				MARKETING_VERSION = 1.0;
				PRODUCT_BUNDLE_IDENTIFIER = com.gmail.khoury.g.madelyn.GreenWatchTests;
				PRODUCT_NAME = "$(TARGET_NAME)";
				SWIFT_EMIT_LOC_STRINGS = NO;
				SWIFT_VERSION = 5.0;
				TARGETED_DEVICE_FAMILY = "1,2";
				TEST_HOST = "$(BUILT_PRODUCTS_DIR)/GreenWatch.app/GreenWatch";
			};
			name = Debug;
		};
		0EE0DF0628837D94009141E9 /* Release */ = {
			isa = XCBuildConfiguration;
			buildSettings = {
				ALWAYS_EMBED_SWIFT_STANDARD_LIBRARIES = YES;
				BUNDLE_LOADER = "$(TEST_HOST)";
				CODE_SIGN_STYLE = Automatic;
				CURRENT_PROJECT_VERSION = 1;
				DEVELOPMENT_TEAM = PG6YYZTULC;
				GENERATE_INFOPLIST_FILE = YES;
				IPHONEOS_DEPLOYMENT_TARGET = 15.5;
				MARKETING_VERSION = 1.0;
				PRODUCT_BUNDLE_IDENTIFIER = com.gmail.khoury.g.madelyn.GreenWatchTests;
				PRODUCT_NAME = "$(TARGET_NAME)";
				SWIFT_EMIT_LOC_STRINGS = NO;
				SWIFT_VERSION = 5.0;
				TARGETED_DEVICE_FAMILY = "1,2";
				TEST_HOST = "$(BUILT_PRODUCTS_DIR)/GreenWatch.app/GreenWatch";
			};
			name = Release;
		};
		0EE0DF0828837D94009141E9 /* Debug */ = {
			isa = XCBuildConfiguration;
			buildSettings = {
				ALWAYS_EMBED_SWIFT_STANDARD_LIBRARIES = YES;
				CODE_SIGN_STYLE = Automatic;
				CURRENT_PROJECT_VERSION = 1;
				DEVELOPMENT_TEAM = PG6YYZTULC;
				GENERATE_INFOPLIST_FILE = YES;
				MARKETING_VERSION = 1.0;
				PRODUCT_BUNDLE_IDENTIFIER = com.gmail.khoury.g.madelyn.GreenWatchUITests;
				PRODUCT_NAME = "$(TARGET_NAME)";
				SWIFT_EMIT_LOC_STRINGS = NO;
				SWIFT_VERSION = 5.0;
				TARGETED_DEVICE_FAMILY = "1,2";
				TEST_TARGET_NAME = GreenWatch;
			};
			name = Debug;
		};
		0EE0DF0928837D94009141E9 /* Release */ = {
			isa = XCBuildConfiguration;
			buildSettings = {
				ALWAYS_EMBED_SWIFT_STANDARD_LIBRARIES = YES;
				CODE_SIGN_STYLE = Automatic;
				CURRENT_PROJECT_VERSION = 1;
				DEVELOPMENT_TEAM = PG6YYZTULC;
				GENERATE_INFOPLIST_FILE = YES;
				MARKETING_VERSION = 1.0;
				PRODUCT_BUNDLE_IDENTIFIER = com.gmail.khoury.g.madelyn.GreenWatchUITests;
				PRODUCT_NAME = "$(TARGET_NAME)";
				SWIFT_EMIT_LOC_STRINGS = NO;
				SWIFT_VERSION = 5.0;
				TARGETED_DEVICE_FAMILY = "1,2";
				TEST_TARGET_NAME = GreenWatch;
			};
			name = Release;
		};
/* End XCBuildConfiguration section */

/* Begin XCConfigurationList section */
		0EE0DED828837D92009141E9 /* Build configuration list for PBXProject "GreenWatch" */ = {
			isa = XCConfigurationList;
			buildConfigurations = (
				0EE0DEFF28837D94009141E9 /* Debug */,
				0EE0DF0028837D94009141E9 /* Release */,
			);
			defaultConfigurationIsVisible = 0;
			defaultConfigurationName = Release;
		};
		0EE0DF0128837D94009141E9 /* Build configuration list for PBXNativeTarget "GreenWatch" */ = {
			isa = XCConfigurationList;
			buildConfigurations = (
				0EE0DF0228837D94009141E9 /* Debug */,
				0EE0DF0328837D94009141E9 /* Release */,
			);
			defaultConfigurationIsVisible = 0;
			defaultConfigurationName = Release;
		};
		0EE0DF0428837D94009141E9 /* Build configuration list for PBXNativeTarget "GreenWatchTests" */ = {
			isa = XCConfigurationList;
			buildConfigurations = (
				0EE0DF0528837D94009141E9 /* Debug */,
				0EE0DF0628837D94009141E9 /* Release */,
			);
			defaultConfigurationIsVisible = 0;
			defaultConfigurationName = Release;
		};
		0EE0DF0728837D94009141E9 /* Build configuration list for PBXNativeTarget "GreenWatchUITests" */ = {
			isa = XCConfigurationList;
			buildConfigurations = (
				0EE0DF0828837D94009141E9 /* Debug */,
				0EE0DF0928837D94009141E9 /* Release */,
			);
			defaultConfigurationIsVisible = 0;
			defaultConfigurationName = Release;
		};
/* End XCConfigurationList section */
	};
	rootObject = 0EE0DED528837D92009141E9 /* Project object */;
}
