// !$*UTF8*$!
{
	archiveVersion = 1;
	classes = {
	};
	objectVersion = 55;
	objects = {

/* Begin PBXBuildFile section */
		0E15113F2897104D008DC46D /* Montserrat-Bold.otf in Resources */ = {isa = PBXBuildFile; fileRef = 0E1511222897104D008DC46D /* Montserrat-Bold.otf */; };
		0E1511402897104D008DC46D /* Montserrat-Bold.otf in Resources */ = {isa = PBXBuildFile; fileRef = 0E1511222897104D008DC46D /* Montserrat-Bold.otf */; };
		0E1511412897104D008DC46D /* Montserrat-BlackItalic.otf in Resources */ = {isa = PBXBuildFile; fileRef = 0E1511232897104D008DC46D /* Montserrat-BlackItalic.otf */; };
		0E1511422897104D008DC46D /* Montserrat-BlackItalic.otf in Resources */ = {isa = PBXBuildFile; fileRef = 0E1511232897104D008DC46D /* Montserrat-BlackItalic.otf */; };
		0E1511432897104D008DC46D /* SIL Open Font License.txt in Resources */ = {isa = PBXBuildFile; fileRef = 0E1511242897104D008DC46D /* SIL Open Font License.txt */; };
		0E1511442897104D008DC46D /* SIL Open Font License.txt in Resources */ = {isa = PBXBuildFile; fileRef = 0E1511242897104D008DC46D /* SIL Open Font License.txt */; };
		0E1511452897104D008DC46D /* MontserratAlternates-Black.otf in Resources */ = {isa = PBXBuildFile; fileRef = 0E1511252897104D008DC46D /* MontserratAlternates-Black.otf */; };
		0E1511462897104D008DC46D /* MontserratAlternates-Black.otf in Resources */ = {isa = PBXBuildFile; fileRef = 0E1511252897104D008DC46D /* MontserratAlternates-Black.otf */; };
		0E1511472897104D008DC46D /* MontserratAlternates-LightItalic.otf in Resources */ = {isa = PBXBuildFile; fileRef = 0E1511262897104D008DC46D /* MontserratAlternates-LightItalic.otf */; };
		0E1511482897104D008DC46D /* MontserratAlternates-LightItalic.otf in Resources */ = {isa = PBXBuildFile; fileRef = 0E1511262897104D008DC46D /* MontserratAlternates-LightItalic.otf */; };
		0E1511492897104D008DC46D /* MontserratAlternates-Medium.otf in Resources */ = {isa = PBXBuildFile; fileRef = 0E1511272897104D008DC46D /* MontserratAlternates-Medium.otf */; };
		0E15114A2897104D008DC46D /* MontserratAlternates-Medium.otf in Resources */ = {isa = PBXBuildFile; fileRef = 0E1511272897104D008DC46D /* MontserratAlternates-Medium.otf */; };
		0E15114B2897104D008DC46D /* Montserrat-BoldItalic.otf in Resources */ = {isa = PBXBuildFile; fileRef = 0E1511282897104D008DC46D /* Montserrat-BoldItalic.otf */; };
		0E15114C2897104D008DC46D /* Montserrat-BoldItalic.otf in Resources */ = {isa = PBXBuildFile; fileRef = 0E1511282897104D008DC46D /* Montserrat-BoldItalic.otf */; };
		0E15114D2897104D008DC46D /* Montserrat-ThinItalic.otf in Resources */ = {isa = PBXBuildFile; fileRef = 0E1511292897104D008DC46D /* Montserrat-ThinItalic.otf */; };
		0E15114E2897104D008DC46D /* Montserrat-ThinItalic.otf in Resources */ = {isa = PBXBuildFile; fileRef = 0E1511292897104D008DC46D /* Montserrat-ThinItalic.otf */; };
		0E15114F2897104D008DC46D /* Montserrat-Thin.otf in Resources */ = {isa = PBXBuildFile; fileRef = 0E15112A2897104D008DC46D /* Montserrat-Thin.otf */; };
		0E1511502897104D008DC46D /* Montserrat-Thin.otf in Resources */ = {isa = PBXBuildFile; fileRef = 0E15112A2897104D008DC46D /* Montserrat-Thin.otf */; };
		0E1511512897104D008DC46D /* MontserratAlternates-MediumItalic.otf in Resources */ = {isa = PBXBuildFile; fileRef = 0E15112B2897104D008DC46D /* MontserratAlternates-MediumItalic.otf */; };
		0E1511522897104D008DC46D /* MontserratAlternates-MediumItalic.otf in Resources */ = {isa = PBXBuildFile; fileRef = 0E15112B2897104D008DC46D /* MontserratAlternates-MediumItalic.otf */; };
		0E1511532897104D008DC46D /* Montserrat-ExtraLight.otf in Resources */ = {isa = PBXBuildFile; fileRef = 0E15112C2897104D008DC46D /* Montserrat-ExtraLight.otf */; };
		0E1511542897104D008DC46D /* Montserrat-ExtraLight.otf in Resources */ = {isa = PBXBuildFile; fileRef = 0E15112C2897104D008DC46D /* Montserrat-ExtraLight.otf */; };
		0E1511552897104D008DC46D /* MontserratAlternates-BlackItalic.otf in Resources */ = {isa = PBXBuildFile; fileRef = 0E15112D2897104D008DC46D /* MontserratAlternates-BlackItalic.otf */; };
		0E1511562897104D008DC46D /* MontserratAlternates-BlackItalic.otf in Resources */ = {isa = PBXBuildFile; fileRef = 0E15112D2897104D008DC46D /* MontserratAlternates-BlackItalic.otf */; };
		0E1511572897104D008DC46D /* MontserratAlternates-Bold.otf in Resources */ = {isa = PBXBuildFile; fileRef = 0E15112E2897104D008DC46D /* MontserratAlternates-Bold.otf */; };
		0E1511582897104D008DC46D /* MontserratAlternates-Bold.otf in Resources */ = {isa = PBXBuildFile; fileRef = 0E15112E2897104D008DC46D /* MontserratAlternates-Bold.otf */; };
		0E1511592897104D008DC46D /* MontserratAlternates-ExtraLightItalic.otf in Resources */ = {isa = PBXBuildFile; fileRef = 0E15112F2897104D008DC46D /* MontserratAlternates-ExtraLightItalic.otf */; };
		0E15115A2897104D008DC46D /* MontserratAlternates-ExtraLightItalic.otf in Resources */ = {isa = PBXBuildFile; fileRef = 0E15112F2897104D008DC46D /* MontserratAlternates-ExtraLightItalic.otf */; };
		0E15115B2897104D008DC46D /* MontserratAlternates-Thin.otf in Resources */ = {isa = PBXBuildFile; fileRef = 0E1511302897104D008DC46D /* MontserratAlternates-Thin.otf */; };
		0E15115C2897104D008DC46D /* MontserratAlternates-Thin.otf in Resources */ = {isa = PBXBuildFile; fileRef = 0E1511302897104D008DC46D /* MontserratAlternates-Thin.otf */; };
		0E15115D2897104D008DC46D /* MontserratAlternates-SemiBoldItalic.otf in Resources */ = {isa = PBXBuildFile; fileRef = 0E1511312897104D008DC46D /* MontserratAlternates-SemiBoldItalic.otf */; };
		0E15115E2897104D008DC46D /* MontserratAlternates-SemiBoldItalic.otf in Resources */ = {isa = PBXBuildFile; fileRef = 0E1511312897104D008DC46D /* MontserratAlternates-SemiBoldItalic.otf */; };
		0E15115F2897104D008DC46D /* Montserrat-ExtraBoldItalic.otf in Resources */ = {isa = PBXBuildFile; fileRef = 0E1511322897104D008DC46D /* Montserrat-ExtraBoldItalic.otf */; };
		0E1511602897104D008DC46D /* Montserrat-ExtraBoldItalic.otf in Resources */ = {isa = PBXBuildFile; fileRef = 0E1511322897104D008DC46D /* Montserrat-ExtraBoldItalic.otf */; };
		0E1511612897104D008DC46D /* MontserratAlternates-SemiBold.otf in Resources */ = {isa = PBXBuildFile; fileRef = 0E1511332897104D008DC46D /* MontserratAlternates-SemiBold.otf */; };
		0E1511622897104D008DC46D /* MontserratAlternates-SemiBold.otf in Resources */ = {isa = PBXBuildFile; fileRef = 0E1511332897104D008DC46D /* MontserratAlternates-SemiBold.otf */; };
		0E1511632897104D008DC46D /* MontserratAlternates-ExtraBold.otf in Resources */ = {isa = PBXBuildFile; fileRef = 0E1511342897104D008DC46D /* MontserratAlternates-ExtraBold.otf */; };
		0E1511642897104D008DC46D /* MontserratAlternates-ExtraBold.otf in Resources */ = {isa = PBXBuildFile; fileRef = 0E1511342897104D008DC46D /* MontserratAlternates-ExtraBold.otf */; };
		0E1511652897104D008DC46D /* MontserratAlternates-BoldItalic.otf in Resources */ = {isa = PBXBuildFile; fileRef = 0E1511352897104D008DC46D /* MontserratAlternates-BoldItalic.otf */; };
		0E1511662897104D008DC46D /* MontserratAlternates-BoldItalic.otf in Resources */ = {isa = PBXBuildFile; fileRef = 0E1511352897104D008DC46D /* MontserratAlternates-BoldItalic.otf */; };
		0E1511672897104D008DC46D /* Montserrat-ExtraBold.otf in Resources */ = {isa = PBXBuildFile; fileRef = 0E1511362897104D008DC46D /* Montserrat-ExtraBold.otf */; };
		0E1511682897104D008DC46D /* Montserrat-ExtraBold.otf in Resources */ = {isa = PBXBuildFile; fileRef = 0E1511362897104D008DC46D /* Montserrat-ExtraBold.otf */; };
		0E1511692897104D008DC46D /* Montserrat-ExtraLightItalic.otf in Resources */ = {isa = PBXBuildFile; fileRef = 0E1511372897104D008DC46D /* Montserrat-ExtraLightItalic.otf */; };
		0E15116A2897104D008DC46D /* Montserrat-ExtraLightItalic.otf in Resources */ = {isa = PBXBuildFile; fileRef = 0E1511372897104D008DC46D /* Montserrat-ExtraLightItalic.otf */; };
		0E15116B2897104D008DC46D /* MontserratAlternates-Light.otf in Resources */ = {isa = PBXBuildFile; fileRef = 0E1511382897104D008DC46D /* MontserratAlternates-Light.otf */; };
		0E15116C2897104D008DC46D /* MontserratAlternates-Light.otf in Resources */ = {isa = PBXBuildFile; fileRef = 0E1511382897104D008DC46D /* MontserratAlternates-Light.otf */; };
		0E15116D2897104D008DC46D /* MontserratAlternates-ExtraLight.otf in Resources */ = {isa = PBXBuildFile; fileRef = 0E1511392897104D008DC46D /* MontserratAlternates-ExtraLight.otf */; };
		0E15116E2897104D008DC46D /* MontserratAlternates-ExtraLight.otf in Resources */ = {isa = PBXBuildFile; fileRef = 0E1511392897104D008DC46D /* MontserratAlternates-ExtraLight.otf */; };
		0E15116F2897104D008DC46D /* MontserratAlternates-Regular.otf in Resources */ = {isa = PBXBuildFile; fileRef = 0E15113A2897104D008DC46D /* MontserratAlternates-Regular.otf */; };
		0E1511702897104D008DC46D /* MontserratAlternates-Regular.otf in Resources */ = {isa = PBXBuildFile; fileRef = 0E15113A2897104D008DC46D /* MontserratAlternates-Regular.otf */; };
		0E1511712897104D008DC46D /* MontserratAlternates-ThinItalic.otf in Resources */ = {isa = PBXBuildFile; fileRef = 0E15113B2897104D008DC46D /* MontserratAlternates-ThinItalic.otf */; };
		0E1511722897104D008DC46D /* MontserratAlternates-ThinItalic.otf in Resources */ = {isa = PBXBuildFile; fileRef = 0E15113B2897104D008DC46D /* MontserratAlternates-ThinItalic.otf */; };
		0E1511732897104D008DC46D /* Montserrat-Black.otf in Resources */ = {isa = PBXBuildFile; fileRef = 0E15113C2897104D008DC46D /* Montserrat-Black.otf */; };
		0E1511742897104D008DC46D /* Montserrat-Black.otf in Resources */ = {isa = PBXBuildFile; fileRef = 0E15113C2897104D008DC46D /* Montserrat-Black.otf */; };
		0E1511752897104D008DC46D /* MontserratAlternates-ExtraBoldItalic.otf in Resources */ = {isa = PBXBuildFile; fileRef = 0E15113D2897104D008DC46D /* MontserratAlternates-ExtraBoldItalic.otf */; };
		0E1511762897104D008DC46D /* MontserratAlternates-ExtraBoldItalic.otf in Resources */ = {isa = PBXBuildFile; fileRef = 0E15113D2897104D008DC46D /* MontserratAlternates-ExtraBoldItalic.otf */; };
		0E1511772897104D008DC46D /* MontserratAlternates-Italic.otf in Resources */ = {isa = PBXBuildFile; fileRef = 0E15113E2897104D008DC46D /* MontserratAlternates-Italic.otf */; };
		0E1511782897104D008DC46D /* MontserratAlternates-Italic.otf in Resources */ = {isa = PBXBuildFile; fileRef = 0E15113E2897104D008DC46D /* MontserratAlternates-Italic.otf */; };
		0E15117A289710B7008DC46D /* Montserrat-Italic.otf in Resources */ = {isa = PBXBuildFile; fileRef = 0E151179289710B7008DC46D /* Montserrat-Italic.otf */; };
		0E15117B289710B7008DC46D /* Montserrat-Italic.otf in Resources */ = {isa = PBXBuildFile; fileRef = 0E151179289710B7008DC46D /* Montserrat-Italic.otf */; };
		0E15118528971108008DC46D /* Montserrat-LightItalic.otf in Resources */ = {isa = PBXBuildFile; fileRef = 0E15117F28971107008DC46D /* Montserrat-LightItalic.otf */; };
		0E15118628971108008DC46D /* Montserrat-LightItalic.otf in Resources */ = {isa = PBXBuildFile; fileRef = 0E15117F28971107008DC46D /* Montserrat-LightItalic.otf */; };
		0E15118928971108008DC46D /* Montserrat-SemiBold.otf in Resources */ = {isa = PBXBuildFile; fileRef = 0E15118128971107008DC46D /* Montserrat-SemiBold.otf */; };
		0E15118A28971108008DC46D /* Montserrat-SemiBold.otf in Resources */ = {isa = PBXBuildFile; fileRef = 0E15118128971107008DC46D /* Montserrat-SemiBold.otf */; };
		0E15118B28971108008DC46D /* Montserrat-Medium.otf in Resources */ = {isa = PBXBuildFile; fileRef = 0E15118228971107008DC46D /* Montserrat-Medium.otf */; };
		0E15118C28971108008DC46D /* Montserrat-Medium.otf in Resources */ = {isa = PBXBuildFile; fileRef = 0E15118228971107008DC46D /* Montserrat-Medium.otf */; };
		0E15118D28971108008DC46D /* Montserrat-SemiBoldItalic.otf in Resources */ = {isa = PBXBuildFile; fileRef = 0E15118328971108008DC46D /* Montserrat-SemiBoldItalic.otf */; };
		0E15118E28971108008DC46D /* Montserrat-SemiBoldItalic.otf in Resources */ = {isa = PBXBuildFile; fileRef = 0E15118328971108008DC46D /* Montserrat-SemiBoldItalic.otf */; };
		0E15118F28971108008DC46D /* Montserrat-Light.otf in Resources */ = {isa = PBXBuildFile; fileRef = 0E15118428971108008DC46D /* Montserrat-Light.otf */; };
		0E15119028971108008DC46D /* Montserrat-Light.otf in Resources */ = {isa = PBXBuildFile; fileRef = 0E15118428971108008DC46D /* Montserrat-Light.otf */; };
		0E5018872887AD700099B31D /* ImageHeaderComponent.swift in Sources */ = {isa = PBXBuildFile; fileRef = 0E5018862887AD700099B31D /* ImageHeaderComponent.swift */; };
		0E5018892887C1F20099B31D /* Constants.swift in Sources */ = {isa = PBXBuildFile; fileRef = 0E5018882887C1F20099B31D /* Constants.swift */; };
		0E6A6A4E288DE70C000910A8 /* ImageScrollBarView.swift in Sources */ = {isa = PBXBuildFile; fileRef = 0E6A6A4D288DE70B000910A8 /* ImageScrollBarView.swift */; };
		0EE0DEE128837D92009141E9 /* GreenWatchApp.swift in Sources */ = {isa = PBXBuildFile; fileRef = 0EE0DEE028837D92009141E9 /* GreenWatchApp.swift */; };
		0EE0DEE328837D92009141E9 /* ContentView.swift in Sources */ = {isa = PBXBuildFile; fileRef = 0EE0DEE228837D92009141E9 /* ContentView.swift */; };
		0EE0DEE528837D94009141E9 /* Assets.xcassets in Resources */ = {isa = PBXBuildFile; fileRef = 0EE0DEE428837D94009141E9 /* Assets.xcassets */; };
		0EE0DEE828837D94009141E9 /* Preview Assets.xcassets in Resources */ = {isa = PBXBuildFile; fileRef = 0EE0DEE728837D94009141E9 /* Preview Assets.xcassets */; };
		0EE0DEF228837D94009141E9 /* GreenWatchTests.swift in Sources */ = {isa = PBXBuildFile; fileRef = 0EE0DEF128837D94009141E9 /* GreenWatchTests.swift */; };
		0EE0DEFC28837D94009141E9 /* GreenWatchUITests.swift in Sources */ = {isa = PBXBuildFile; fileRef = 0EE0DEFB28837D94009141E9 /* GreenWatchUITests.swift */; };
		0EE0DEFE28837D94009141E9 /* GreenWatchUITestsLaunchTests.swift in Sources */ = {isa = PBXBuildFile; fileRef = 0EE0DEFD28837D94009141E9 /* GreenWatchUITestsLaunchTests.swift */; };
		0EE0DF0B28838B92009141E9 /* Response.swift in Sources */ = {isa = PBXBuildFile; fileRef = 0EE0DF0A28838B91009141E9 /* Response.swift */; };
		0EE0DF0D2883A2AC009141E9 /* NewsAPI.swift in Sources */ = {isa = PBXBuildFile; fileRef = 0EE0DF0C2883A2AC009141E9 /* NewsAPI.swift */; };
		0EE0DF10288797AD009141E9 /* LandingViewModel.swift in Sources */ = {isa = PBXBuildFile; fileRef = 0EE0DF0F288797AD009141E9 /* LandingViewModel.swift */; };
		0EE0DF122887980B009141E9 /* LandingView.swift in Sources */ = {isa = PBXBuildFile; fileRef = 0EE0DF112887980B009141E9 /* LandingView.swift */; };
		0EE0DF182887987F009141E9 /* GovernmentViewModel.swift in Sources */ = {isa = PBXBuildFile; fileRef = 0EE0DF172887987F009141E9 /* GovernmentViewModel.swift */; };
		0EE0DF1A2887989D009141E9 /* CarbonViewModel.swift in Sources */ = {isa = PBXBuildFile; fileRef = 0EE0DF192887989D009141E9 /* CarbonViewModel.swift */; };
		0EE0DF1C288798D9009141E9 /* GovernmentView.swift in Sources */ = {isa = PBXBuildFile; fileRef = 0EE0DF1B288798D9009141E9 /* GovernmentView.swift */; };
		0EE0DF1E2887990F009141E9 /* CarbonView.swift in Sources */ = {isa = PBXBuildFile; fileRef = 0EE0DF1D2887990F009141E9 /* CarbonView.swift */; };
/* End PBXBuildFile section */

/* Begin PBXContainerItemProxy section */
		0EE0DEEE28837D94009141E9 /* PBXContainerItemProxy */ = {
			isa = PBXContainerItemProxy;
			containerPortal = 0EE0DED528837D92009141E9 /* Project object */;
			proxyType = 1;
			remoteGlobalIDString = 0EE0DEDC28837D92009141E9;
			remoteInfo = GreenWatch;
		};
		0EE0DEF828837D94009141E9 /* PBXContainerItemProxy */ = {
			isa = PBXContainerItemProxy;
			containerPortal = 0EE0DED528837D92009141E9 /* Project object */;
			proxyType = 1;
			remoteGlobalIDString = 0EE0DEDC28837D92009141E9;
			remoteInfo = GreenWatch;
		};
/* End PBXContainerItemProxy section */

/* Begin PBXFileReference section */
		0E1511222897104D008DC46D /* Montserrat-Bold.otf */ = {isa = PBXFileReference; lastKnownFileType = file; path = "Montserrat-Bold.otf"; sourceTree = "<group>"; };
		0E1511232897104D008DC46D /* Montserrat-BlackItalic.otf */ = {isa = PBXFileReference; lastKnownFileType = file; path = "Montserrat-BlackItalic.otf"; sourceTree = "<group>"; };
		0E1511242897104D008DC46D /* SIL Open Font License.txt */ = {isa = PBXFileReference; fileEncoding = 4; lastKnownFileType = text; path = "SIL Open Font License.txt"; sourceTree = "<group>"; };
		0E1511252897104D008DC46D /* MontserratAlternates-Black.otf */ = {isa = PBXFileReference; lastKnownFileType = file; path = "MontserratAlternates-Black.otf"; sourceTree = "<group>"; };
		0E1511262897104D008DC46D /* MontserratAlternates-LightItalic.otf */ = {isa = PBXFileReference; lastKnownFileType = file; path = "MontserratAlternates-LightItalic.otf"; sourceTree = "<group>"; };
		0E1511272897104D008DC46D /* MontserratAlternates-Medium.otf */ = {isa = PBXFileReference; lastKnownFileType = file; path = "MontserratAlternates-Medium.otf"; sourceTree = "<group>"; };
		0E1511282897104D008DC46D /* Montserrat-BoldItalic.otf */ = {isa = PBXFileReference; lastKnownFileType = file; path = "Montserrat-BoldItalic.otf"; sourceTree = "<group>"; };
		0E1511292897104D008DC46D /* Montserrat-ThinItalic.otf */ = {isa = PBXFileReference; lastKnownFileType = file; path = "Montserrat-ThinItalic.otf"; sourceTree = "<group>"; };
		0E15112A2897104D008DC46D /* Montserrat-Thin.otf */ = {isa = PBXFileReference; lastKnownFileType = file; path = "Montserrat-Thin.otf"; sourceTree = "<group>"; };
		0E15112B2897104D008DC46D /* MontserratAlternates-MediumItalic.otf */ = {isa = PBXFileReference; lastKnownFileType = file; path = "MontserratAlternates-MediumItalic.otf"; sourceTree = "<group>"; };
		0E15112C2897104D008DC46D /* Montserrat-ExtraLight.otf */ = {isa = PBXFileReference; lastKnownFileType = file; path = "Montserrat-ExtraLight.otf"; sourceTree = "<group>"; };
		0E15112D2897104D008DC46D /* MontserratAlternates-BlackItalic.otf */ = {isa = PBXFileReference; lastKnownFileType = file; path = "MontserratAlternates-BlackItalic.otf"; sourceTree = "<group>"; };
		0E15112E2897104D008DC46D /* MontserratAlternates-Bold.otf */ = {isa = PBXFileReference; lastKnownFileType = file; path = "MontserratAlternates-Bold.otf"; sourceTree = "<group>"; };
		0E15112F2897104D008DC46D /* MontserratAlternates-ExtraLightItalic.otf */ = {isa = PBXFileReference; lastKnownFileType = file; path = "MontserratAlternates-ExtraLightItalic.otf"; sourceTree = "<group>"; };
		0E1511302897104D008DC46D /* MontserratAlternates-Thin.otf */ = {isa = PBXFileReference; lastKnownFileType = file; path = "MontserratAlternates-Thin.otf"; sourceTree = "<group>"; };
		0E1511312897104D008DC46D /* MontserratAlternates-SemiBoldItalic.otf */ = {isa = PBXFileReference; lastKnownFileType = file; path = "MontserratAlternates-SemiBoldItalic.otf"; sourceTree = "<group>"; };
		0E1511322897104D008DC46D /* Montserrat-ExtraBoldItalic.otf */ = {isa = PBXFileReference; lastKnownFileType = file; path = "Montserrat-ExtraBoldItalic.otf"; sourceTree = "<group>"; };
		0E1511332897104D008DC46D /* MontserratAlternates-SemiBold.otf */ = {isa = PBXFileReference; lastKnownFileType = file; path = "MontserratAlternates-SemiBold.otf"; sourceTree = "<group>"; };
		0E1511342897104D008DC46D /* MontserratAlternates-ExtraBold.otf */ = {isa = PBXFileReference; lastKnownFileType = file; path = "MontserratAlternates-ExtraBold.otf"; sourceTree = "<group>"; };
		0E1511352897104D008DC46D /* MontserratAlternates-BoldItalic.otf */ = {isa = PBXFileReference; lastKnownFileType = file; path = "MontserratAlternates-BoldItalic.otf"; sourceTree = "<group>"; };
		0E1511362897104D008DC46D /* Montserrat-ExtraBold.otf */ = {isa = PBXFileReference; lastKnownFileType = file; path = "Montserrat-ExtraBold.otf"; sourceTree = "<group>"; };
		0E1511372897104D008DC46D /* Montserrat-ExtraLightItalic.otf */ = {isa = PBXFileReference; lastKnownFileType = file; path = "Montserrat-ExtraLightItalic.otf"; sourceTree = "<group>"; };
		0E1511382897104D008DC46D /* MontserratAlternates-Light.otf */ = {isa = PBXFileReference; lastKnownFileType = file; path = "MontserratAlternates-Light.otf"; sourceTree = "<group>"; };
		0E1511392897104D008DC46D /* MontserratAlternates-ExtraLight.otf */ = {isa = PBXFileReference; lastKnownFileType = file; path = "MontserratAlternates-ExtraLight.otf"; sourceTree = "<group>"; };
		0E15113A2897104D008DC46D /* MontserratAlternates-Regular.otf */ = {isa = PBXFileReference; lastKnownFileType = file; path = "MontserratAlternates-Regular.otf"; sourceTree = "<group>"; };
		0E15113B2897104D008DC46D /* MontserratAlternates-ThinItalic.otf */ = {isa = PBXFileReference; lastKnownFileType = file; path = "MontserratAlternates-ThinItalic.otf"; sourceTree = "<group>"; };
		0E15113C2897104D008DC46D /* Montserrat-Black.otf */ = {isa = PBXFileReference; lastKnownFileType = file; path = "Montserrat-Black.otf"; sourceTree = "<group>"; };
		0E15113D2897104D008DC46D /* MontserratAlternates-ExtraBoldItalic.otf */ = {isa = PBXFileReference; lastKnownFileType = file; path = "MontserratAlternates-ExtraBoldItalic.otf"; sourceTree = "<group>"; };
		0E15113E2897104D008DC46D /* MontserratAlternates-Italic.otf */ = {isa = PBXFileReference; lastKnownFileType = file; path = "MontserratAlternates-Italic.otf"; sourceTree = "<group>"; };
		0E151179289710B7008DC46D /* Montserrat-Italic.otf */ = {isa = PBXFileReference; lastKnownFileType = file; path = "Montserrat-Italic.otf"; sourceTree = "<group>"; };
		0E15117F28971107008DC46D /* Montserrat-LightItalic.otf */ = {isa = PBXFileReference; lastKnownFileType = file; path = "Montserrat-LightItalic.otf"; sourceTree = "<group>"; };
		0E15118128971107008DC46D /* Montserrat-SemiBold.otf */ = {isa = PBXFileReference; lastKnownFileType = file; path = "Montserrat-SemiBold.otf"; sourceTree = "<group>"; };
		0E15118228971107008DC46D /* Montserrat-Medium.otf */ = {isa = PBXFileReference; lastKnownFileType = file; path = "Montserrat-Medium.otf"; sourceTree = "<group>"; };
		0E15118328971108008DC46D /* Montserrat-SemiBoldItalic.otf */ = {isa = PBXFileReference; lastKnownFileType = file; path = "Montserrat-SemiBoldItalic.otf"; sourceTree = "<group>"; };
		0E15118428971108008DC46D /* Montserrat-Light.otf */ = {isa = PBXFileReference; lastKnownFileType = file; path = "Montserrat-Light.otf"; sourceTree = "<group>"; };
		0E5018862887AD700099B31D /* ImageHeaderComponent.swift */ = {isa = PBXFileReference; lastKnownFileType = sourcecode.swift; path = ImageHeaderComponent.swift; sourceTree = "<group>"; };
		0E5018882887C1F20099B31D /* Constants.swift */ = {isa = PBXFileReference; lastKnownFileType = sourcecode.swift; path = Constants.swift; sourceTree = "<group>"; };
		0E5018A12887C40B0099B31D /* Info.plist */ = {isa = PBXFileReference; lastKnownFileType = text.plist; path = Info.plist; sourceTree = "<group>"; };
		0E6A6A4D288DE70B000910A8 /* ImageScrollBarView.swift */ = {isa = PBXFileReference; lastKnownFileType = sourcecode.swift; path = ImageScrollBarView.swift; sourceTree = "<group>"; };
		0EE0DEDD28837D92009141E9 /* GreenWatch.app */ = {isa = PBXFileReference; explicitFileType = wrapper.application; includeInIndex = 0; path = GreenWatch.app; sourceTree = BUILT_PRODUCTS_DIR; };
		0EE0DEE028837D92009141E9 /* GreenWatchApp.swift */ = {isa = PBXFileReference; lastKnownFileType = sourcecode.swift; path = GreenWatchApp.swift; sourceTree = "<group>"; };
		0EE0DEE228837D92009141E9 /* ContentView.swift */ = {isa = PBXFileReference; lastKnownFileType = sourcecode.swift; path = ContentView.swift; sourceTree = "<group>"; };
		0EE0DEE428837D94009141E9 /* Assets.xcassets */ = {isa = PBXFileReference; lastKnownFileType = folder.assetcatalog; path = Assets.xcassets; sourceTree = "<group>"; };
		0EE0DEE728837D94009141E9 /* Preview Assets.xcassets */ = {isa = PBXFileReference; lastKnownFileType = folder.assetcatalog; path = "Preview Assets.xcassets"; sourceTree = "<group>"; };
		0EE0DEED28837D94009141E9 /* GreenWatchTests.xctest */ = {isa = PBXFileReference; explicitFileType = wrapper.cfbundle; includeInIndex = 0; path = GreenWatchTests.xctest; sourceTree = BUILT_PRODUCTS_DIR; };
		0EE0DEF128837D94009141E9 /* GreenWatchTests.swift */ = {isa = PBXFileReference; lastKnownFileType = sourcecode.swift; path = GreenWatchTests.swift; sourceTree = "<group>"; };
		0EE0DEF728837D94009141E9 /* GreenWatchUITests.xctest */ = {isa = PBXFileReference; explicitFileType = wrapper.cfbundle; includeInIndex = 0; path = GreenWatchUITests.xctest; sourceTree = BUILT_PRODUCTS_DIR; };
		0EE0DEFB28837D94009141E9 /* GreenWatchUITests.swift */ = {isa = PBXFileReference; lastKnownFileType = sourcecode.swift; path = GreenWatchUITests.swift; sourceTree = "<group>"; };
		0EE0DEFD28837D94009141E9 /* GreenWatchUITestsLaunchTests.swift */ = {isa = PBXFileReference; lastKnownFileType = sourcecode.swift; path = GreenWatchUITestsLaunchTests.swift; sourceTree = "<group>"; };
		0EE0DF0A28838B91009141E9 /* Response.swift */ = {isa = PBXFileReference; lastKnownFileType = sourcecode.swift; path = Response.swift; sourceTree = "<group>"; };
		0EE0DF0C2883A2AC009141E9 /* NewsAPI.swift */ = {isa = PBXFileReference; lastKnownFileType = sourcecode.swift; path = NewsAPI.swift; sourceTree = "<group>"; };
		0EE0DF0F288797AD009141E9 /* LandingViewModel.swift */ = {isa = PBXFileReference; lastKnownFileType = sourcecode.swift; path = LandingViewModel.swift; sourceTree = "<group>"; };
		0EE0DF112887980B009141E9 /* LandingView.swift */ = {isa = PBXFileReference; lastKnownFileType = sourcecode.swift; path = LandingView.swift; sourceTree = "<group>"; };
		0EE0DF172887987F009141E9 /* GovernmentViewModel.swift */ = {isa = PBXFileReference; lastKnownFileType = sourcecode.swift; path = GovernmentViewModel.swift; sourceTree = "<group>"; };
		0EE0DF192887989D009141E9 /* CarbonViewModel.swift */ = {isa = PBXFileReference; lastKnownFileType = sourcecode.swift; path = CarbonViewModel.swift; sourceTree = "<group>"; };
		0EE0DF1B288798D9009141E9 /* GovernmentView.swift */ = {isa = PBXFileReference; lastKnownFileType = sourcecode.swift; path = GovernmentView.swift; sourceTree = "<group>"; };
		0EE0DF1D2887990F009141E9 /* CarbonView.swift */ = {isa = PBXFileReference; lastKnownFileType = sourcecode.swift; path = CarbonView.swift; sourceTree = "<group>"; };
/* End PBXFileReference section */

/* Begin PBXFrameworksBuildPhase section */
		0EE0DEDA28837D92009141E9 /* Frameworks */ = {
			isa = PBXFrameworksBuildPhase;
			buildActionMask = 2147483647;
			files = (
			);
			runOnlyForDeploymentPostprocessing = 0;
		};
		0EE0DEEA28837D94009141E9 /* Frameworks */ = {
			isa = PBXFrameworksBuildPhase;
			buildActionMask = 2147483647;
			files = (
			);
			runOnlyForDeploymentPostprocessing = 0;
		};
		0EE0DEF428837D94009141E9 /* Frameworks */ = {
			isa = PBXFrameworksBuildPhase;
			buildActionMask = 2147483647;
			files = (
			);
			runOnlyForDeploymentPostprocessing = 0;
		};
/* End PBXFrameworksBuildPhase section */

/* Begin PBXGroup section */
		0E1511212897104D008DC46D /* montserrat */ = {
			isa = PBXGroup;
			children = (
				0E15112A2897104D008DC46D /* Montserrat-Thin.otf */,
				0E1511292897104D008DC46D /* Montserrat-ThinItalic.otf */,
				0E15112C2897104D008DC46D /* Montserrat-ExtraLight.otf */,
				0E1511372897104D008DC46D /* Montserrat-ExtraLightItalic.otf */,
				0E15118428971108008DC46D /* Montserrat-Light.otf */,
				0E15117F28971107008DC46D /* Montserrat-LightItalic.otf */,
				0E15118228971107008DC46D /* Montserrat-Medium.otf */,
				0E151179289710B7008DC46D /* Montserrat-Italic.otf */,
				0E1511222897104D008DC46D /* Montserrat-Bold.otf */,
				0E1511282897104D008DC46D /* Montserrat-BoldItalic.otf */,
				0E15118128971107008DC46D /* Montserrat-SemiBold.otf */,
				0E15118328971108008DC46D /* Montserrat-SemiBoldItalic.otf */,
				0E1511362897104D008DC46D /* Montserrat-ExtraBold.otf */,
				0E1511322897104D008DC46D /* Montserrat-ExtraBoldItalic.otf */,
				0E15113C2897104D008DC46D /* Montserrat-Black.otf */,
				0E1511232897104D008DC46D /* Montserrat-BlackItalic.otf */,
				0E1511242897104D008DC46D /* SIL Open Font License.txt */,
				0E1511252897104D008DC46D /* MontserratAlternates-Black.otf */,
				0E1511262897104D008DC46D /* MontserratAlternates-LightItalic.otf */,
				0E1511272897104D008DC46D /* MontserratAlternates-Medium.otf */,
				0E15112B2897104D008DC46D /* MontserratAlternates-MediumItalic.otf */,
				0E15112D2897104D008DC46D /* MontserratAlternates-BlackItalic.otf */,
				0E15112E2897104D008DC46D /* MontserratAlternates-Bold.otf */,
				0E15112F2897104D008DC46D /* MontserratAlternates-ExtraLightItalic.otf */,
				0E1511302897104D008DC46D /* MontserratAlternates-Thin.otf */,
				0E1511312897104D008DC46D /* MontserratAlternates-SemiBoldItalic.otf */,
				0E1511332897104D008DC46D /* MontserratAlternates-SemiBold.otf */,
				0E1511342897104D008DC46D /* MontserratAlternates-ExtraBold.otf */,
				0E1511352897104D008DC46D /* MontserratAlternates-BoldItalic.otf */,
				0E1511382897104D008DC46D /* MontserratAlternates-Light.otf */,
				0E1511392897104D008DC46D /* MontserratAlternates-ExtraLight.otf */,
				0E15113A2897104D008DC46D /* MontserratAlternates-Regular.otf */,
				0E15113B2897104D008DC46D /* MontserratAlternates-ThinItalic.otf */,
				0E15113D2897104D008DC46D /* MontserratAlternates-ExtraBoldItalic.otf */,
				0E15113E2897104D008DC46D /* MontserratAlternates-Italic.otf */,
			);
			path = montserrat;
			sourceTree = "<group>";
		};
		0E5018822887ACD50099B31D /* UI */ = {
			isa = PBXGroup;
			children = (
				0E5018882887C1F20099B31D /* Constants.swift */,
				0EE0DEE228837D92009141E9 /* ContentView.swift */,
				0E5018852887AD570099B31D /* Components */,
				0EE0DF1628879858009141E9 /* Carbon */,
				0EE0DF1428879846009141E9 /* Government */,
				0EE0DF0E28879796009141E9 /* Landing */,
			);
			path = UI;
			sourceTree = "<group>";
		};
		0E5018832887ACF90099B31D /* Domain */ = {
			isa = PBXGroup;
			children = (
				0EE0DF0A28838B91009141E9 /* Response.swift */,
			);
			path = Domain;
			sourceTree = "<group>";
		};
		0E5018842887AD130099B31D /* Data */ = {
			isa = PBXGroup;
			children = (
				0EE0DF0C2883A2AC009141E9 /* NewsAPI.swift */,
			);
			path = Data;
			sourceTree = "<group>";
		};
		0E5018852887AD570099B31D /* Components */ = {
			isa = PBXGroup;
			children = (
				0E5018862887AD700099B31D /* ImageHeaderComponent.swift */,
				0E6A6A4D288DE70B000910A8 /* ImageScrollBarView.swift */,
			);
			path = Components;
			sourceTree = "<group>";
		};
		0EE0DED428837D92009141E9 = {
			isa = PBXGroup;
			children = (
				0E1511212897104D008DC46D /* montserrat */,
				0EE0DEDF28837D92009141E9 /* GreenWatch */,
				0EE0DEF028837D94009141E9 /* GreenWatchTests */,
				0EE0DEFA28837D94009141E9 /* GreenWatchUITests */,
				0EE0DEDE28837D92009141E9 /* Products */,
			);
			sourceTree = "<group>";
		};
		0EE0DEDE28837D92009141E9 /* Products */ = {
			isa = PBXGroup;
			children = (
				0EE0DEDD28837D92009141E9 /* GreenWatch.app */,
				0EE0DEED28837D94009141E9 /* GreenWatchTests.xctest */,
				0EE0DEF728837D94009141E9 /* GreenWatchUITests.xctest */,
			);
			name = Products;
			sourceTree = "<group>";
		};
		0EE0DEDF28837D92009141E9 /* GreenWatch */ = {
			isa = PBXGroup;
			children = (
				0E5018A12887C40B0099B31D /* Info.plist */,
				0EE0DEE428837D94009141E9 /* Assets.xcassets */,
				0EE0DEE028837D92009141E9 /* GreenWatchApp.swift */,
				0EE0DEE628837D94009141E9 /* Preview Content */,
				0E5018842887AD130099B31D /* Data */,
				0E5018832887ACF90099B31D /* Domain */,
				0E5018822887ACD50099B31D /* UI */,
			);
			path = GreenWatch;
			sourceTree = "<group>";
		};
		0EE0DEE628837D94009141E9 /* Preview Content */ = {
			isa = PBXGroup;
			children = (
				0EE0DEE728837D94009141E9 /* Preview Assets.xcassets */,
			);
			path = "Preview Content";
			sourceTree = "<group>";
		};
		0EE0DEF028837D94009141E9 /* GreenWatchTests */ = {
			isa = PBXGroup;
			children = (
				0EE0DEF128837D94009141E9 /* GreenWatchTests.swift */,
			);
			path = GreenWatchTests;
			sourceTree = "<group>";
		};
		0EE0DEFA28837D94009141E9 /* GreenWatchUITests */ = {
			isa = PBXGroup;
			children = (
				0EE0DEFB28837D94009141E9 /* GreenWatchUITests.swift */,
				0EE0DEFD28837D94009141E9 /* GreenWatchUITestsLaunchTests.swift */,
			);
			path = GreenWatchUITests;
			sourceTree = "<group>";
		};
		0EE0DF0E28879796009141E9 /* Landing */ = {
			isa = PBXGroup;
			children = (
				0EE0DF0F288797AD009141E9 /* LandingViewModel.swift */,
				0EE0DF112887980B009141E9 /* LandingView.swift */,
			);
			path = Landing;
			sourceTree = "<group>";
		};
		0EE0DF1428879846009141E9 /* Government */ = {
			isa = PBXGroup;
			children = (
				0EE0DF172887987F009141E9 /* GovernmentViewModel.swift */,
				0EE0DF1B288798D9009141E9 /* GovernmentView.swift */,
			);
			path = Government;
			sourceTree = "<group>";
		};
		0EE0DF1628879858009141E9 /* Carbon */ = {
			isa = PBXGroup;
			children = (
				0EE0DF192887989D009141E9 /* CarbonViewModel.swift */,
				0EE0DF1D2887990F009141E9 /* CarbonView.swift */,
			);
			path = Carbon;
			sourceTree = "<group>";
		};
/* End PBXGroup section */

/* Begin PBXNativeTarget section */
		0EE0DEDC28837D92009141E9 /* GreenWatch */ = {
			isa = PBXNativeTarget;
			buildConfigurationList = 0EE0DF0128837D94009141E9 /* Build configuration list for PBXNativeTarget "GreenWatch" */;
			buildPhases = (
				0EE0DED928837D92009141E9 /* Sources */,
				0EE0DEDA28837D92009141E9 /* Frameworks */,
				0EE0DEDB28837D92009141E9 /* Resources */,
			);
			buildRules = (
			);
			dependencies = (
			);
			name = GreenWatch;
			productName = GreenWatch;
			productReference = 0EE0DEDD28837D92009141E9 /* GreenWatch.app */;
			productType = "com.apple.product-type.application";
		};
		0EE0DEEC28837D94009141E9 /* GreenWatchTests */ = {
			isa = PBXNativeTarget;
			buildConfigurationList = 0EE0DF0428837D94009141E9 /* Build configuration list for PBXNativeTarget "GreenWatchTests" */;
			buildPhases = (
				0EE0DEE928837D94009141E9 /* Sources */,
				0EE0DEEA28837D94009141E9 /* Frameworks */,
				0EE0DEEB28837D94009141E9 /* Resources */,
			);
			buildRules = (
			);
			dependencies = (
				0EE0DEEF28837D94009141E9 /* PBXTargetDependency */,
			);
			name = GreenWatchTests;
			productName = GreenWatchTests;
			productReference = 0EE0DEED28837D94009141E9 /* GreenWatchTests.xctest */;
			productType = "com.apple.product-type.bundle.unit-test";
		};
		0EE0DEF628837D94009141E9 /* GreenWatchUITests */ = {
			isa = PBXNativeTarget;
			buildConfigurationList = 0EE0DF0728837D94009141E9 /* Build configuration list for PBXNativeTarget "GreenWatchUITests" */;
			buildPhases = (
				0EE0DEF328837D94009141E9 /* Sources */,
				0EE0DEF428837D94009141E9 /* Frameworks */,
				0EE0DEF528837D94009141E9 /* Resources */,
			);
			buildRules = (
			);
			dependencies = (
				0EE0DEF928837D94009141E9 /* PBXTargetDependency */,
			);
			name = GreenWatchUITests;
			productName = GreenWatchUITests;
			productReference = 0EE0DEF728837D94009141E9 /* GreenWatchUITests.xctest */;
			productType = "com.apple.product-type.bundle.ui-testing";
		};
/* End PBXNativeTarget section */

/* Begin PBXProject section */
		0EE0DED528837D92009141E9 /* Project object */ = {
			isa = PBXProject;
			attributes = {
				BuildIndependentTargetsInParallel = 1;
				LastSwiftUpdateCheck = 1340;
				LastUpgradeCheck = 1340;
				TargetAttributes = {
					0EE0DEDC28837D92009141E9 = {
						CreatedOnToolsVersion = 13.4.1;
					};
					0EE0DEEC28837D94009141E9 = {
						CreatedOnToolsVersion = 13.4.1;
						TestTargetID = 0EE0DEDC28837D92009141E9;
					};
					0EE0DEF628837D94009141E9 = {
						CreatedOnToolsVersion = 13.4.1;
						TestTargetID = 0EE0DEDC28837D92009141E9;
					};
				};
			};
			buildConfigurationList = 0EE0DED828837D92009141E9 /* Build configuration list for PBXProject "GreenWatch" */;
			compatibilityVersion = "Xcode 13.0";
			developmentRegion = en;
			hasScannedForEncodings = 0;
			knownRegions = (
				en,
				Base,
			);
			mainGroup = 0EE0DED428837D92009141E9;
			productRefGroup = 0EE0DEDE28837D92009141E9 /* Products */;
			projectDirPath = "";
			projectRoot = "";
			targets = (
				0EE0DEDC28837D92009141E9 /* GreenWatch */,
				0EE0DEEC28837D94009141E9 /* GreenWatchTests */,
				0EE0DEF628837D94009141E9 /* GreenWatchUITests */,
			);
		};
/* End PBXProject section */

/* Begin PBXResourcesBuildPhase section */
		0EE0DEDB28837D92009141E9 /* Resources */ = {
			isa = PBXResourcesBuildPhase;
			buildActionMask = 2147483647;
			files = (
				0E1511652897104D008DC46D /* MontserratAlternates-BoldItalic.otf in Resources */,
				0E1511432897104D008DC46D /* SIL Open Font License.txt in Resources */,
				0E1511452897104D008DC46D /* MontserratAlternates-Black.otf in Resources */,
				0E15115D2897104D008DC46D /* MontserratAlternates-SemiBoldItalic.otf in Resources */,
				0E1511772897104D008DC46D /* MontserratAlternates-Italic.otf in Resources */,
				0E15113F2897104D008DC46D /* Montserrat-Bold.otf in Resources */,
				0E1511672897104D008DC46D /* Montserrat-ExtraBold.otf in Resources */,
				0E1511592897104D008DC46D /* MontserratAlternates-ExtraLightItalic.otf in Resources */,
				0E15117A289710B7008DC46D /* Montserrat-Italic.otf in Resources */,
				0EE0DEE828837D94009141E9 /* Preview Assets.xcassets in Resources */,
				0E1511692897104D008DC46D /* Montserrat-ExtraLightItalic.otf in Resources */,
				0E1511752897104D008DC46D /* MontserratAlternates-ExtraBoldItalic.otf in Resources */,
				0E1511532897104D008DC46D /* Montserrat-ExtraLight.otf in Resources */,
				0E15118D28971108008DC46D /* Montserrat-SemiBoldItalic.otf in Resources */,
				0E15118B28971108008DC46D /* Montserrat-Medium.otf in Resources */,
				0E1511712897104D008DC46D /* MontserratAlternates-ThinItalic.otf in Resources */,
				0E1511512897104D008DC46D /* MontserratAlternates-MediumItalic.otf in Resources */,
				0E1511732897104D008DC46D /* Montserrat-Black.otf in Resources */,
				0E15115B2897104D008DC46D /* MontserratAlternates-Thin.otf in Resources */,
				0E15114B2897104D008DC46D /* Montserrat-BoldItalic.otf in Resources */,
				0E15116D2897104D008DC46D /* MontserratAlternates-ExtraLight.otf in Resources */,
				0E1511612897104D008DC46D /* MontserratAlternates-SemiBold.otf in Resources */,
				0E15118928971108008DC46D /* Montserrat-SemiBold.otf in Resources */,
				0E1511632897104D008DC46D /* MontserratAlternates-ExtraBold.otf in Resources */,
				0E15114D2897104D008DC46D /* Montserrat-ThinItalic.otf in Resources */,
				0E1511492897104D008DC46D /* MontserratAlternates-Medium.otf in Resources */,
				0E15114F2897104D008DC46D /* Montserrat-Thin.otf in Resources */,
				0E1511412897104D008DC46D /* Montserrat-BlackItalic.otf in Resources */,
				0E1511472897104D008DC46D /* MontserratAlternates-LightItalic.otf in Resources */,
				0EE0DEE528837D94009141E9 /* Assets.xcassets in Resources */,
				0E1511552897104D008DC46D /* MontserratAlternates-BlackItalic.otf in Resources */,
				0E1511572897104D008DC46D /* MontserratAlternates-Bold.otf in Resources */,
				0E15118528971108008DC46D /* Montserrat-LightItalic.otf in Resources */,
				0E15116B2897104D008DC46D /* MontserratAlternates-Light.otf in Resources */,
				0E15116F2897104D008DC46D /* MontserratAlternates-Regular.otf in Resources */,
				0E15118F28971108008DC46D /* Montserrat-Light.otf in Resources */,
				0E15115F2897104D008DC46D /* Montserrat-ExtraBoldItalic.otf in Resources */,
			);
			runOnlyForDeploymentPostprocessing = 0;
		};
		0EE0DEEB28837D94009141E9 /* Resources */ = {
			isa = PBXResourcesBuildPhase;
			buildActionMask = 2147483647;
			files = (
			);
			runOnlyForDeploymentPostprocessing = 0;
		};
		0EE0DEF528837D94009141E9 /* Resources */ = {
			isa = PBXResourcesBuildPhase;
			buildActionMask = 2147483647;
			files = (
				0E15117B289710B7008DC46D /* Montserrat-Italic.otf in Resources */,
				0E1511682897104D008DC46D /* Montserrat-ExtraBold.otf in Resources */,
				0E1511642897104D008DC46D /* MontserratAlternates-ExtraBold.otf in Resources */,
				0E1511442897104D008DC46D /* SIL Open Font License.txt in Resources */,
				0E1511482897104D008DC46D /* MontserratAlternates-LightItalic.otf in Resources */,
				0E15116A2897104D008DC46D /* Montserrat-ExtraLightItalic.otf in Resources */,
				0E1511762897104D008DC46D /* MontserratAlternates-ExtraBoldItalic.otf in Resources */,
				0E15116E2897104D008DC46D /* MontserratAlternates-ExtraLight.otf in Resources */,
				0E15116C2897104D008DC46D /* MontserratAlternates-Light.otf in Resources */,
				0E15115E2897104D008DC46D /* MontserratAlternates-SemiBoldItalic.otf in Resources */,
				0E1511662897104D008DC46D /* MontserratAlternates-BoldItalic.otf in Resources */,
				0E15119028971108008DC46D /* Montserrat-Light.otf in Resources */,
				0E1511782897104D008DC46D /* MontserratAlternates-Italic.otf in Resources */,
				0E1511522897104D008DC46D /* MontserratAlternates-MediumItalic.otf in Resources */,
				0E1511602897104D008DC46D /* Montserrat-ExtraBoldItalic.otf in Resources */,
				0E15115A2897104D008DC46D /* MontserratAlternates-ExtraLightItalic.otf in Resources */,
				0E15118A28971108008DC46D /* Montserrat-SemiBold.otf in Resources */,
				0E1511622897104D008DC46D /* MontserratAlternates-SemiBold.otf in Resources */,
				0E1511702897104D008DC46D /* MontserratAlternates-Regular.otf in Resources */,
				0E1511462897104D008DC46D /* MontserratAlternates-Black.otf in Resources */,
				0E1511422897104D008DC46D /* Montserrat-BlackItalic.otf in Resources */,
				0E1511502897104D008DC46D /* Montserrat-Thin.otf in Resources */,
				0E1511542897104D008DC46D /* Montserrat-ExtraLight.otf in Resources */,
				0E1511722897104D008DC46D /* MontserratAlternates-ThinItalic.otf in Resources */,
				0E15114C2897104D008DC46D /* Montserrat-BoldItalic.otf in Resources */,
				0E15118C28971108008DC46D /* Montserrat-Medium.otf in Resources */,
				0E15114E2897104D008DC46D /* Montserrat-ThinItalic.otf in Resources */,
				0E1511582897104D008DC46D /* MontserratAlternates-Bold.otf in Resources */,
				0E1511742897104D008DC46D /* Montserrat-Black.otf in Resources */,
				0E15118628971108008DC46D /* Montserrat-LightItalic.otf in Resources */,
				0E1511562897104D008DC46D /* MontserratAlternates-BlackItalic.otf in Resources */,
				0E15114A2897104D008DC46D /* MontserratAlternates-Medium.otf in Resources */,
				0E15118E28971108008DC46D /* Montserrat-SemiBoldItalic.otf in Resources */,
				0E1511402897104D008DC46D /* Montserrat-Bold.otf in Resources */,
				0E15115C2897104D008DC46D /* MontserratAlternates-Thin.otf in Resources */,
			);
			runOnlyForDeploymentPostprocessing = 0;
		};
/* End PBXResourcesBuildPhase section */

/* Begin PBXSourcesBuildPhase section */
		0EE0DED928837D92009141E9 /* Sources */ = {
			isa = PBXSourcesBuildPhase;
			buildActionMask = 2147483647;
			files = (
				0EE0DF1C288798D9009141E9 /* GovernmentView.swift in Sources */,
				0E5018892887C1F20099B31D /* Constants.swift in Sources */,
				0EE0DF182887987F009141E9 /* GovernmentViewModel.swift in Sources */,
				0EE0DF1A2887989D009141E9 /* CarbonViewModel.swift in Sources */,
				0EE0DF1E2887990F009141E9 /* CarbonView.swift in Sources */,
				0EE0DF122887980B009141E9 /* LandingView.swift in Sources */,
				0EE0DEE328837D92009141E9 /* ContentView.swift in Sources */,
				0E6A6A4E288DE70C000910A8 /* ImageScrollBarView.swift in Sources */,
				0EE0DF10288797AD009141E9 /* LandingViewModel.swift in Sources */,
				0E5018872887AD700099B31D /* ImageHeaderComponent.swift in Sources */,
				0EE0DF0D2883A2AC009141E9 /* NewsAPI.swift in Sources */,
				0EE0DF0B28838B92009141E9 /* Response.swift in Sources */,
				0EE0DEE128837D92009141E9 /* GreenWatchApp.swift in Sources */,
			);
			runOnlyForDeploymentPostprocessing = 0;
		};
		0EE0DEE928837D94009141E9 /* Sources */ = {
			isa = PBXSourcesBuildPhase;
			buildActionMask = 2147483647;
			files = (
				0EE0DEF228837D94009141E9 /* GreenWatchTests.swift in Sources */,
			);
			runOnlyForDeploymentPostprocessing = 0;
		};
		0EE0DEF328837D94009141E9 /* Sources */ = {
			isa = PBXSourcesBuildPhase;
			buildActionMask = 2147483647;
			files = (
				0EE0DEFE28837D94009141E9 /* GreenWatchUITestsLaunchTests.swift in Sources */,
				0EE0DEFC28837D94009141E9 /* GreenWatchUITests.swift in Sources */,
			);
			runOnlyForDeploymentPostprocessing = 0;
		};
/* End PBXSourcesBuildPhase section */

/* Begin PBXTargetDependency section */
		0EE0DEEF28837D94009141E9 /* PBXTargetDependency */ = {
			isa = PBXTargetDependency;
			target = 0EE0DEDC28837D92009141E9 /* GreenWatch */;
			targetProxy = 0EE0DEEE28837D94009141E9 /* PBXContainerItemProxy */;
		};
		0EE0DEF928837D94009141E9 /* PBXTargetDependency */ = {
			isa = PBXTargetDependency;
			target = 0EE0DEDC28837D92009141E9 /* GreenWatch */;
			targetProxy = 0EE0DEF828837D94009141E9 /* PBXContainerItemProxy */;
		};
/* End PBXTargetDependency section */

/* Begin XCBuildConfiguration section */
		0EE0DEFF28837D94009141E9 /* Debug */ = {
			isa = XCBuildConfiguration;
			buildSettings = {
				ALWAYS_SEARCH_USER_PATHS = NO;
				CLANG_ANALYZER_NONNULL = YES;
				CLANG_ANALYZER_NUMBER_OBJECT_CONVERSION = YES_AGGRESSIVE;
				CLANG_CXX_LANGUAGE_STANDARD = "gnu++17";
				CLANG_ENABLE_MODULES = YES;
				CLANG_ENABLE_OBJC_ARC = YES;
				CLANG_ENABLE_OBJC_WEAK = YES;
				CLANG_WARN_BLOCK_CAPTURE_AUTORELEASING = YES;
				CLANG_WARN_BOOL_CONVERSION = YES;
				CLANG_WARN_COMMA = YES;
				CLANG_WARN_CONSTANT_CONVERSION = YES;
				CLANG_WARN_DEPRECATED_OBJC_IMPLEMENTATIONS = YES;
				CLANG_WARN_DIRECT_OBJC_ISA_USAGE = YES_ERROR;
				CLANG_WARN_DOCUMENTATION_COMMENTS = YES;
				CLANG_WARN_EMPTY_BODY = YES;
				CLANG_WARN_ENUM_CONVERSION = YES;
				CLANG_WARN_INFINITE_RECURSION = YES;
				CLANG_WARN_INT_CONVERSION = YES;
				CLANG_WARN_NON_LITERAL_NULL_CONVERSION = YES;
				CLANG_WARN_OBJC_IMPLICIT_RETAIN_SELF = YES;
				CLANG_WARN_OBJC_LITERAL_CONVERSION = YES;
				CLANG_WARN_OBJC_ROOT_CLASS = YES_ERROR;
				CLANG_WARN_QUOTED_INCLUDE_IN_FRAMEWORK_HEADER = YES;
				CLANG_WARN_RANGE_LOOP_ANALYSIS = YES;
				CLANG_WARN_STRICT_PROTOTYPES = YES;
				CLANG_WARN_SUSPICIOUS_MOVE = YES;
				CLANG_WARN_UNGUARDED_AVAILABILITY = YES_AGGRESSIVE;
				CLANG_WARN_UNREACHABLE_CODE = YES;
				CLANG_WARN__DUPLICATE_METHOD_MATCH = YES;
				COPY_PHASE_STRIP = NO;
				DEBUG_INFORMATION_FORMAT = dwarf;
				ENABLE_STRICT_OBJC_MSGSEND = YES;
				ENABLE_TESTABILITY = YES;
				GCC_C_LANGUAGE_STANDARD = gnu11;
				GCC_DYNAMIC_NO_PIC = NO;
				GCC_NO_COMMON_BLOCKS = YES;
				GCC_OPTIMIZATION_LEVEL = 0;
				GCC_PREPROCESSOR_DEFINITIONS = (
					"DEBUG=1",
					"$(inherited)",
				);
				GCC_WARN_64_TO_32_BIT_CONVERSION = YES;
				GCC_WARN_ABOUT_RETURN_TYPE = YES_ERROR;
				GCC_WARN_UNDECLARED_SELECTOR = YES;
				GCC_WARN_UNINITIALIZED_AUTOS = YES_AGGRESSIVE;
				GCC_WARN_UNUSED_FUNCTION = YES;
				GCC_WARN_UNUSED_VARIABLE = YES;
				IPHONEOS_DEPLOYMENT_TARGET = 15.5;
				MTL_ENABLE_DEBUG_INFO = INCLUDE_SOURCE;
				MTL_FAST_MATH = YES;
				ONLY_ACTIVE_ARCH = YES;
				SDKROOT = iphoneos;
				SWIFT_ACTIVE_COMPILATION_CONDITIONS = DEBUG;
				SWIFT_OPTIMIZATION_LEVEL = "-Onone";
			};
			name = Debug;
		};
		0EE0DF0028837D94009141E9 /* Release */ = {
			isa = XCBuildConfiguration;
			buildSettings = {
				ALWAYS_SEARCH_USER_PATHS = NO;
				CLANG_ANALYZER_NONNULL = YES;
				CLANG_ANALYZER_NUMBER_OBJECT_CONVERSION = YES_AGGRESSIVE;
				CLANG_CXX_LANGUAGE_STANDARD = "gnu++17";
				CLANG_ENABLE_MODULES = YES;
				CLANG_ENABLE_OBJC_ARC = YES;
				CLANG_ENABLE_OBJC_WEAK = YES;
				CLANG_WARN_BLOCK_CAPTURE_AUTORELEASING = YES;
				CLANG_WARN_BOOL_CONVERSION = YES;
				CLANG_WARN_COMMA = YES;
				CLANG_WARN_CONSTANT_CONVERSION = YES;
				CLANG_WARN_DEPRECATED_OBJC_IMPLEMENTATIONS = YES;
				CLANG_WARN_DIRECT_OBJC_ISA_USAGE = YES_ERROR;
				CLANG_WARN_DOCUMENTATION_COMMENTS = YES;
				CLANG_WARN_EMPTY_BODY = YES;
				CLANG_WARN_ENUM_CONVERSION = YES;
				CLANG_WARN_INFINITE_RECURSION = YES;
				CLANG_WARN_INT_CONVERSION = YES;
				CLANG_WARN_NON_LITERAL_NULL_CONVERSION = YES;
				CLANG_WARN_OBJC_IMPLICIT_RETAIN_SELF = YES;
				CLANG_WARN_OBJC_LITERAL_CONVERSION = YES;
				CLANG_WARN_OBJC_ROOT_CLASS = YES_ERROR;
				CLANG_WARN_QUOTED_INCLUDE_IN_FRAMEWORK_HEADER = YES;
				CLANG_WARN_RANGE_LOOP_ANALYSIS = YES;
				CLANG_WARN_STRICT_PROTOTYPES = YES;
				CLANG_WARN_SUSPICIOUS_MOVE = YES;
				CLANG_WARN_UNGUARDED_AVAILABILITY = YES_AGGRESSIVE;
				CLANG_WARN_UNREACHABLE_CODE = YES;
				CLANG_WARN__DUPLICATE_METHOD_MATCH = YES;
				COPY_PHASE_STRIP = NO;
				DEBUG_INFORMATION_FORMAT = "dwarf-with-dsym";
				ENABLE_NS_ASSERTIONS = NO;
				ENABLE_STRICT_OBJC_MSGSEND = YES;
				GCC_C_LANGUAGE_STANDARD = gnu11;
				GCC_NO_COMMON_BLOCKS = YES;
				GCC_WARN_64_TO_32_BIT_CONVERSION = YES;
				GCC_WARN_ABOUT_RETURN_TYPE = YES_ERROR;
				GCC_WARN_UNDECLARED_SELECTOR = YES;
				GCC_WARN_UNINITIALIZED_AUTOS = YES_AGGRESSIVE;
				GCC_WARN_UNUSED_FUNCTION = YES;
				GCC_WARN_UNUSED_VARIABLE = YES;
				IPHONEOS_DEPLOYMENT_TARGET = 15.5;
				MTL_ENABLE_DEBUG_INFO = NO;
				MTL_FAST_MATH = YES;
				SDKROOT = iphoneos;
				SWIFT_COMPILATION_MODE = wholemodule;
				SWIFT_OPTIMIZATION_LEVEL = "-O";
				VALIDATE_PRODUCT = YES;
			};
			name = Release;
		};
		0EE0DF0228837D94009141E9 /* Debug */ = {
			isa = XCBuildConfiguration;
			buildSettings = {
				ASSETCATALOG_COMPILER_APPICON_NAME = AppIcon;
				ASSETCATALOG_COMPILER_GLOBAL_ACCENT_COLOR_NAME = AccentColor;
				CODE_SIGN_STYLE = Automatic;
				CURRENT_PROJECT_VERSION = 1;
				DEVELOPMENT_ASSET_PATHS = "\"GreenWatch/Preview Content\"";
				DEVELOPMENT_TEAM = PG6YYZTULC;
				ENABLE_PREVIEWS = YES;
				GENERATE_INFOPLIST_FILE = YES;
				INFOPLIST_FILE = GreenWatch/Info.plist;
				INFOPLIST_KEY_UIApplicationSceneManifest_Generation = YES;
				INFOPLIST_KEY_UIApplicationSupportsIndirectInputEvents = YES;
				INFOPLIST_KEY_UILaunchScreen_Generation = YES;
				INFOPLIST_KEY_UISupportedInterfaceOrientations_iPad = "UIInterfaceOrientationPortrait UIInterfaceOrientationPortraitUpsideDown UIInterfaceOrientationLandscapeLeft UIInterfaceOrientationLandscapeRight";
				INFOPLIST_KEY_UISupportedInterfaceOrientations_iPhone = "UIInterfaceOrientationPortrait UIInterfaceOrientationLandscapeLeft UIInterfaceOrientationLandscapeRight";
				LD_RUNPATH_SEARCH_PATHS = (
					"$(inherited)",
					"@executable_path/Frameworks",
				);
				MARKETING_VERSION = 1.0;
				PRODUCT_BUNDLE_IDENTIFIER = com.gmail.khoury.g.madelyn.GreenWatch;
				PRODUCT_NAME = "$(TARGET_NAME)";
				SWIFT_EMIT_LOC_STRINGS = YES;
				SWIFT_VERSION = 5.0;
				TARGETED_DEVICE_FAMILY = "1,2";
			};
			name = Debug;
		};
		0EE0DF0328837D94009141E9 /* Release */ = {
			isa = XCBuildConfiguration;
			buildSettings = {
				ASSETCATALOG_COMPILER_APPICON_NAME = AppIcon;
				ASSETCATALOG_COMPILER_GLOBAL_ACCENT_COLOR_NAME = AccentColor;
				CODE_SIGN_STYLE = Automatic;
				CURRENT_PROJECT_VERSION = 1;
				DEVELOPMENT_ASSET_PATHS = "\"GreenWatch/Preview Content\"";
				DEVELOPMENT_TEAM = PG6YYZTULC;
				ENABLE_PREVIEWS = YES;
				GENERATE_INFOPLIST_FILE = YES;
				INFOPLIST_FILE = GreenWatch/Info.plist;
				INFOPLIST_KEY_UIApplicationSceneManifest_Generation = YES;
				INFOPLIST_KEY_UIApplicationSupportsIndirectInputEvents = YES;
				INFOPLIST_KEY_UILaunchScreen_Generation = YES;
				INFOPLIST_KEY_UISupportedInterfaceOrientations_iPad = "UIInterfaceOrientationPortrait UIInterfaceOrientationPortraitUpsideDown UIInterfaceOrientationLandscapeLeft UIInterfaceOrientationLandscapeRight";
				INFOPLIST_KEY_UISupportedInterfaceOrientations_iPhone = "UIInterfaceOrientationPortrait UIInterfaceOrientationLandscapeLeft UIInterfaceOrientationLandscapeRight";
				LD_RUNPATH_SEARCH_PATHS = (
					"$(inherited)",
					"@executable_path/Frameworks",
				);
				MARKETING_VERSION = 1.0;
				PRODUCT_BUNDLE_IDENTIFIER = com.gmail.khoury.g.madelyn.GreenWatch;
				PRODUCT_NAME = "$(TARGET_NAME)";
				SWIFT_EMIT_LOC_STRINGS = YES;
				SWIFT_VERSION = 5.0;
				TARGETED_DEVICE_FAMILY = "1,2";
			};
			name = Release;
		};
		0EE0DF0528837D94009141E9 /* Debug */ = {
			isa = XCBuildConfiguration;
			buildSettings = {
				ALWAYS_EMBED_SWIFT_STANDARD_LIBRARIES = YES;
				BUNDLE_LOADER = "$(TEST_HOST)";
				CODE_SIGN_STYLE = Automatic;
				CURRENT_PROJECT_VERSION = 1;
				DEVELOPMENT_TEAM = PG6YYZTULC;
				GENERATE_INFOPLIST_FILE = YES;
				IPHONEOS_DEPLOYMENT_TARGET = 15.5;
				MARKETING_VERSION = 1.0;
				PRODUCT_BUNDLE_IDENTIFIER = com.gmail.khoury.g.madelyn.GreenWatchTests;
				PRODUCT_NAME = "$(TARGET_NAME)";
				SWIFT_EMIT_LOC_STRINGS = NO;
				SWIFT_VERSION = 5.0;
				TARGETED_DEVICE_FAMILY = "1,2";
				TEST_HOST = "$(BUILT_PRODUCTS_DIR)/GreenWatch.app/GreenWatch";
			};
			name = Debug;
		};
		0EE0DF0628837D94009141E9 /* Release */ = {
			isa = XCBuildConfiguration;
			buildSettings = {
				ALWAYS_EMBED_SWIFT_STANDARD_LIBRARIES = YES;
				BUNDLE_LOADER = "$(TEST_HOST)";
				CODE_SIGN_STYLE = Automatic;
				CURRENT_PROJECT_VERSION = 1;
				DEVELOPMENT_TEAM = PG6YYZTULC;
				GENERATE_INFOPLIST_FILE = YES;
				IPHONEOS_DEPLOYMENT_TARGET = 15.5;
				MARKETING_VERSION = 1.0;
				PRODUCT_BUNDLE_IDENTIFIER = com.gmail.khoury.g.madelyn.GreenWatchTests;
				PRODUCT_NAME = "$(TARGET_NAME)";
				SWIFT_EMIT_LOC_STRINGS = NO;
				SWIFT_VERSION = 5.0;
				TARGETED_DEVICE_FAMILY = "1,2";
				TEST_HOST = "$(BUILT_PRODUCTS_DIR)/GreenWatch.app/GreenWatch";
			};
			name = Release;
		};
		0EE0DF0828837D94009141E9 /* Debug */ = {
			isa = XCBuildConfiguration;
			buildSettings = {
				ALWAYS_EMBED_SWIFT_STANDARD_LIBRARIES = YES;
				CODE_SIGN_STYLE = Automatic;
				CURRENT_PROJECT_VERSION = 1;
				DEVELOPMENT_TEAM = PG6YYZTULC;
				GENERATE_INFOPLIST_FILE = YES;
				MARKETING_VERSION = 1.0;
				PRODUCT_BUNDLE_IDENTIFIER = com.gmail.khoury.g.madelyn.GreenWatchUITests;
				PRODUCT_NAME = "$(TARGET_NAME)";
				SWIFT_EMIT_LOC_STRINGS = NO;
				SWIFT_VERSION = 5.0;
				TARGETED_DEVICE_FAMILY = "1,2";
				TEST_TARGET_NAME = GreenWatch;
			};
			name = Debug;
		};
		0EE0DF0928837D94009141E9 /* Release */ = {
			isa = XCBuildConfiguration;
			buildSettings = {
				ALWAYS_EMBED_SWIFT_STANDARD_LIBRARIES = YES;
				CODE_SIGN_STYLE = Automatic;
				CURRENT_PROJECT_VERSION = 1;
				DEVELOPMENT_TEAM = PG6YYZTULC;
				GENERATE_INFOPLIST_FILE = YES;
				MARKETING_VERSION = 1.0;
				PRODUCT_BUNDLE_IDENTIFIER = com.gmail.khoury.g.madelyn.GreenWatchUITests;
				PRODUCT_NAME = "$(TARGET_NAME)";
				SWIFT_EMIT_LOC_STRINGS = NO;
				SWIFT_VERSION = 5.0;
				TARGETED_DEVICE_FAMILY = "1,2";
				TEST_TARGET_NAME = GreenWatch;
			};
			name = Release;
		};
/* End XCBuildConfiguration section */

/* Begin XCConfigurationList section */
		0EE0DED828837D92009141E9 /* Build configuration list for PBXProject "GreenWatch" */ = {
			isa = XCConfigurationList;
			buildConfigurations = (
				0EE0DEFF28837D94009141E9 /* Debug */,
				0EE0DF0028837D94009141E9 /* Release */,
			);
			defaultConfigurationIsVisible = 0;
			defaultConfigurationName = Release;
		};
		0EE0DF0128837D94009141E9 /* Build configuration list for PBXNativeTarget "GreenWatch" */ = {
			isa = XCConfigurationList;
			buildConfigurations = (
				0EE0DF0228837D94009141E9 /* Debug */,
				0EE0DF0328837D94009141E9 /* Release */,
			);
			defaultConfigurationIsVisible = 0;
			defaultConfigurationName = Release;
		};
		0EE0DF0428837D94009141E9 /* Build configuration list for PBXNativeTarget "GreenWatchTests" */ = {
			isa = XCConfigurationList;
			buildConfigurations = (
				0EE0DF0528837D94009141E9 /* Debug */,
				0EE0DF0628837D94009141E9 /* Release */,
			);
			defaultConfigurationIsVisible = 0;
			defaultConfigurationName = Release;
		};
		0EE0DF0728837D94009141E9 /* Build configuration list for PBXNativeTarget "GreenWatchUITests" */ = {
			isa = XCConfigurationList;
			buildConfigurations = (
				0EE0DF0828837D94009141E9 /* Debug */,
				0EE0DF0928837D94009141E9 /* Release */,
			);
			defaultConfigurationIsVisible = 0;
			defaultConfigurationName = Release;
		};
/* End XCConfigurationList section */
	};
	rootObject = 0EE0DED528837D92009141E9 /* Project object */;
}
